
Microsoft Visual Studio Solution File, Format Version 12.00
# Visual Studio Version 16
VisualStudioVersion = 16.0.29613.14
MinimumVisualStudioVersion = 10.0.40219.1
Project("{FAE04EC0-301F-11D3-BF4B-00C04F79EFBC}") = "WindowsFormsApp1", "WindowsFormsApp1\WindowsFormsApp1.csproj", "{3D772C7D-19DC-4AC7-8A11-211323D6E937}"
EndProject
Project("{2150E333-8FDC-42A3-9474-1A3956D46DE8}") = "Lib", "Lib", "{8BC2DF5C-DF15-4F6B-8C28-CF14CA3BFBE6}"
	ProjectSection(SolutionItems) = preProject
		Lib\ChartApiSample.exe = Lib\ChartApiSample.exe
		Lib\CSCommError.txt = Lib\CSCommError.txt
		Lib\DevCenter.exe = Lib\DevCenter.exe
		Lib\enmsgoem.dll = Lib\enmsgoem.dll
		Lib\glb_oem.ini = Lib\glb_oem.ini
		Lib\hkdnsres.dll = Lib\hkdnsres.dll
		Lib\inicore_v2.4.3.1.dll = Lib\inicore_v2.4.3.1.dll
		Lib\inicrypto_v5.2.0.1.dll = Lib\inicrypto_v5.2.0.1.dll
		Lib\inipki_v5.2.7.1.dll = Lib\inipki_v5.2.7.1.dll
		Lib\inisafenet_v7.2.dll = Lib\inisafenet_v7.2.dll
		Lib\IXingAPI.h = Lib\IXingAPI.h
		Lib\Login.ini = Lib\Login.ini
		Lib\mfc110.dll = Lib\mfc110.dll
		Lib\mfc42.dll = Lib\mfc42.dll
		Lib\Microsoft.Data.Sqlite.dll = Lib\Microsoft.Data.Sqlite.dll
		Lib\Microsoft.Win32.Primitives.dll = Lib\Microsoft.Win32.Primitives.dll
		Lib\msvcp110.dll = Lib\msvcp110.dll
		Lib\msvcp60.dll = Lib\msvcp60.dll
		Lib\msvcr110.dll = Lib\msvcr110.dll
		Lib\msvcrt.dll = Lib\msvcrt.dll
		Lib\nsldap32v11.dll = Lib\nsldap32v11.dll
		Lib\readme.txt = Lib\readme.txt
		Lib\reg.bat = Lib\reg.bat
		Lib\Sample_xingACE.exe = Lib\Sample_xingACE.exe
		Lib\SKComdCM.dll = Lib\SKComdCM.dll
		Lib\SKComdEM.dll = Lib\SKComdEM.dll
		Lib\SKComdIF.dll = Lib\SKComdIF.dll
		Lib\SKComdSC.dll = Lib\SKComdSC.dll
		Lib\SKCommCM.dll = Lib\SKCommCM.dll
		Lib\SKCommEM.dll = Lib\SKCommEM.dll
		Lib\SKCommIC.dll = Lib\SKCommIC.dll
		Lib\SKCommIF.dll = Lib\SKCommIF.dll
		Lib\SKCommSC.dll = Lib\SKCommSC.dll
		Lib\SQLitePCLRaw.batteries_v2.dll = Lib\SQLitePCLRaw.batteries_v2.dll
		Lib\SQLitePCLRaw.core.dll = Lib\SQLitePCLRaw.core.dll
		Lib\SQLitePCLRaw.nativelibrary.dll = Lib\SQLitePCLRaw.nativelibrary.dll
		Lib\SQLitePCLRaw.provider.dynamic_cdecl.dll = Lib\SQLitePCLRaw.provider.dynamic_cdecl.dll
		Lib\unreg.bat = Lib\unreg.bat
		Lib\XA_Common.dll = Lib\XA_Common.dll
		Lib\XA_DataSet.dll = Lib\XA_DataSet.dll
		Lib\XA_Session.dll = Lib\XA_Session.dll
		Lib\XecureS.dll = Lib\XecureS.dll
		Lib\xingACE.exe = Lib\xingACE.exe
		Lib\xingAceRDSender.dll = Lib\xingAceRDSender.dll
		Lib\xingAPI.dll = Lib\xingAPI.dll
		Lib\xingAPI.ini = Lib\xingAPI.ini
		Lib\XingAPI_Sample.exe = Lib\XingAPI_Sample.exe
	EndProjectSection
EndProject
Project("{2150E333-8FDC-42A3-9474-1A3956D46DE8}") = "Manifests", "Manifests", "{51CDD680-4CC6-4483-A42F-0AC99E96D7F5}"
	ProjectSection(SolutionItems) = preProject
		Manifests\import_lib.bat = Manifests\import_lib.bat
		Manifests\Interop.XA_DataSetLib.dll = Manifests\Interop.XA_DataSetLib.dll
		Manifests\Interop.XA_SessionLib.dll = Manifests\Interop.XA_SessionLib.dll
		Manifests\XA_DataSet.dll.manifest = Manifests\XA_DataSet.dll.manifest
		Manifests\XA_Session.dll.manifest = Manifests\XA_Session.dll.manifest
	EndProjectSection
EndProject
Project("{FAE04EC0-301F-11D3-BF4B-00C04F79EFBC}") = "ConsoleApp1", "ConsoleApp1\ConsoleApp1.csproj", "{EF05A9DC-E222-4421-A779-A7FFB68C361E}"
EndProject
Project("{2150E333-8FDC-42A3-9474-1A3956D46DE8}") = "Sys", "Sys", "{B933327A-B6F5-431A-AFA1-9C9BF51E3E54}"
	ProjectSection(SolutionItems) = preProject
		Lib\Sys\AceTR.txt = Lib\Sys\AceTR.txt
		Lib\Sys\default.lic = Lib\Sys\default.lic
		Lib\Sys\DevCenter.ini = Lib\Sys\DevCenter.ini
		Lib\Sys\Guide.ini = Lib\Sys\Guide.ini
		Lib\Sys\RD.ini = Lib\Sys\RD.ini
		Lib\Sys\webinfo.ini = Lib\Sys\webinfo.ini
	EndProjectSection
EndProject
Project("{FAE04EC0-301F-11D3-BF4B-00C04F79EFBC}") = "Res2Query", "Res2Query\Res2Query.csproj", "{45E35851-8BA1-4B01-A3ED-BCE85E352860}"
EndProject
Project("{FAE04EC0-301F-11D3-BF4B-00C04F79EFBC}") = "XingAPINet", "XingAPINet\XingAPINet.csproj", "{90909CF8-707B-452D-9657-2FC14354D233}"
EndProject
Project("{FAE04EC0-301F-11D3-BF4B-00C04F79EFBC}") = "XingNativePack", "XingNativePack\XingNativePack.csproj", "{EADB5646-41C6-4DA8-88A9-9AB55972FBB7}"
EndProject
Project("{2150E333-8FDC-42A3-9474-1A3956D46DE8}") = "Res", "Res", "{714D2050-53E5-4264-8F61-5F799C525982}"
	ProjectSection(SolutionItems) = preProject
		Lib\Res\B7_.res = Lib\Res\B7_.res
		Lib\Res\B7__1.res = Lib\Res\B7__1.res
		Lib\Res\BM_.res = Lib\Res\BM_.res
		Lib\Res\BM__1.res = Lib\Res\BM__1.res
		Lib\Res\BMT.res = Lib\Res\BMT.res
		Lib\Res\BMT_1.res = Lib\Res\BMT_1.res
		Lib\Res\C01.res = Lib\Res\C01.res
		Lib\Res\C01_1.res = Lib\Res\C01_1.res
		Lib\Res\CCEAQ01100.res = Lib\Res\CCEAQ01100.res
		Lib\Res\CCEAQ01100_1.res = Lib\Res\CCEAQ01100_1.res
		Lib\Res\CCEAQ06000.res = Lib\Res\CCEAQ06000.res
		Lib\Res\CCEAQ06000_1.res = Lib\Res\CCEAQ06000_1.res
		Lib\Res\CCEAQ10100.res = Lib\Res\CCEAQ10100.res
		Lib\Res\CCEAQ10100_1.res = Lib\Res\CCEAQ10100_1.res
		Lib\Res\CCEAQ50600.res = Lib\Res\CCEAQ50600.res
		Lib\Res\CCEAQ50600_1.res = Lib\Res\CCEAQ50600_1.res
		Lib\Res\CCEAT00100.res = Lib\Res\CCEAT00100.res
		Lib\Res\CCEAT00100_1.res = Lib\Res\CCEAT00100_1.res
		Lib\Res\CCEAT00200.res = Lib\Res\CCEAT00200.res
		Lib\Res\CCEAT00200_1.res = Lib\Res\CCEAT00200_1.res
		Lib\Res\CCEAT00300.res = Lib\Res\CCEAT00300.res
		Lib\Res\CCEAT00300_1.res = Lib\Res\CCEAT00300_1.res
		Lib\Res\CCEBQ10500.res = Lib\Res\CCEBQ10500.res
		Lib\Res\CCEBQ10500_1.res = Lib\Res\CCEBQ10500_1.res
		Lib\Res\CD0.res = Lib\Res\CD0.res
		Lib\Res\CD0_1.res = Lib\Res\CD0_1.res
		Lib\Res\CDPCQ04700.res = Lib\Res\CDPCQ04700.res
		Lib\Res\CDPCQ04700_1.res = Lib\Res\CDPCQ04700_1.res
		Lib\Res\CEXAQ21100.res = Lib\Res\CEXAQ21100.res
		Lib\Res\CEXAQ21100_1.res = Lib\Res\CEXAQ21100_1.res
		Lib\Res\CEXAQ21200.res = Lib\Res\CEXAQ21200.res
		Lib\Res\CEXAQ21200_1.res = Lib\Res\CEXAQ21200_1.res
		Lib\Res\CEXAQ31100.res = Lib\Res\CEXAQ31100.res
		Lib\Res\CEXAQ31100_1.res = Lib\Res\CEXAQ31100_1.res
		Lib\Res\CEXAQ31200.res = Lib\Res\CEXAQ31200.res
		Lib\Res\CEXAQ31200_1.res = Lib\Res\CEXAQ31200_1.res
		Lib\Res\CEXAQ44200.res = Lib\Res\CEXAQ44200.res
		Lib\Res\CEXAQ44200_1.res = Lib\Res\CEXAQ44200_1.res
		Lib\Res\CEXAT11100.res = Lib\Res\CEXAT11100.res
		Lib\Res\CEXAT11100_1.res = Lib\Res\CEXAT11100_1.res
		Lib\Res\CEXAT11200.res = Lib\Res\CEXAT11200.res
		Lib\Res\CEXAT11200_1.res = Lib\Res\CEXAT11200_1.res
		Lib\Res\CEXAT11300.res = Lib\Res\CEXAT11300.res
		Lib\Res\CEXAT11300_1.res = Lib\Res\CEXAT11300_1.res
		Lib\Res\CFOAQ00600.res = Lib\Res\CFOAQ00600.res
		Lib\Res\CFOAQ00600_1.res = Lib\Res\CFOAQ00600_1.res
		Lib\Res\CFOAQ10100.res = Lib\Res\CFOAQ10100.res
		Lib\Res\CFOAQ10100_1.res = Lib\Res\CFOAQ10100_1.res
		Lib\Res\CFOAT00100.res = Lib\Res\CFOAT00100.res
		Lib\Res\CFOAT00100_1.res = Lib\Res\CFOAT00100_1.res
		Lib\Res\CFOAT00200.res = Lib\Res\CFOAT00200.res
		Lib\Res\CFOAT00200_1.res = Lib\Res\CFOAT00200_1.res
		Lib\Res\CFOAT00300.res = Lib\Res\CFOAT00300.res
		Lib\Res\CFOAT00300_1.res = Lib\Res\CFOAT00300_1.res
		Lib\Res\CFOBQ10500.res = Lib\Res\CFOBQ10500.res
		Lib\Res\CFOBQ10500_1.res = Lib\Res\CFOBQ10500_1.res
		Lib\Res\CFOBQ10800.res = Lib\Res\CFOBQ10800.res
		Lib\Res\CFOBQ10800_1.res = Lib\Res\CFOBQ10800_1.res
		Lib\Res\CFOEQ11100.res = Lib\Res\CFOEQ11100.res
		Lib\Res\CFOEQ11100_1.res = Lib\Res\CFOEQ11100_1.res
		Lib\Res\CFOEQ82600.res = Lib\Res\CFOEQ82600.res
		Lib\Res\CFOEQ82600_1.res = Lib\Res\CFOEQ82600_1.res
		Lib\Res\CFOFQ02400.res = Lib\Res\CFOFQ02400.res
		Lib\Res\CFOFQ02400_1.res = Lib\Res\CFOFQ02400_1.res
		Lib\Res\ChartExcel.res = Lib\Res\ChartExcel.res
		Lib\Res\ChartExcel_1.res = Lib\Res\ChartExcel_1.res
		Lib\Res\ChartIndex.res = Lib\Res\ChartIndex.res
		Lib\Res\ChartIndex_1.res = Lib\Res\ChartIndex_1.res
		Lib\Res\CLNAQ00100.res = Lib\Res\CLNAQ00100.res
		Lib\Res\CLNAQ00100_1.res = Lib\Res\CLNAQ00100_1.res
		Lib\Res\CM0.res = Lib\Res\CM0.res
		Lib\Res\CM0_1.res = Lib\Res\CM0_1.res
		Lib\Res\CM1.res = Lib\Res\CM1.res
		Lib\Res\CM1_1.res = Lib\Res\CM1_1.res
		Lib\Res\CM2.res = Lib\Res\CM2.res
		Lib\Res\CM2_1.res = Lib\Res\CM2_1.res
		Lib\Res\CSPAQ12200.res = Lib\Res\CSPAQ12200.res
		Lib\Res\CSPAQ12200_1.res = Lib\Res\CSPAQ12200_1.res
		Lib\Res\CSPAQ12300.res = Lib\Res\CSPAQ12300.res
		Lib\Res\CSPAQ12300_1.res = Lib\Res\CSPAQ12300_1.res
		Lib\Res\CSPAQ13700.res = Lib\Res\CSPAQ13700.res
		Lib\Res\CSPAQ13700_1.res = Lib\Res\CSPAQ13700_1.res
		Lib\Res\CSPAT00600.res = Lib\Res\CSPAT00600.res
		Lib\Res\CSPAT00600_1.res = Lib\Res\CSPAT00600_1.res
		Lib\Res\CSPAT00700.res = Lib\Res\CSPAT00700.res
		Lib\Res\CSPAT00700_1.res = Lib\Res\CSPAT00700_1.res
		Lib\Res\CSPAT00800.res = Lib\Res\CSPAT00800.res
		Lib\Res\CSPAT00800_1.res = Lib\Res\CSPAT00800_1.res
		Lib\Res\CSPBQ00200.res = Lib\Res\CSPBQ00200.res
		Lib\Res\CSPBQ00200_1.res = Lib\Res\CSPBQ00200_1.res
		Lib\Res\DVI.res = Lib\Res\DVI.res
		Lib\Res\DVI_1.res = Lib\Res\DVI_1.res
		Lib\Res\EC0.res = Lib\Res\EC0.res
		Lib\Res\EC0_1.res = Lib\Res\EC0_1.res
		Lib\Res\EH0.res = Lib\Res\EH0.res
		Lib\Res\EH0_1.res = Lib\Res\EH0_1.res
		Lib\Res\ESN.res = Lib\Res\ESN.res
		Lib\Res\ESN_1.res = Lib\Res\ESN_1.res
		Lib\Res\EU0.res = Lib\Res\EU0.res
		Lib\Res\EU0_1.res = Lib\Res\EU0_1.res
		Lib\Res\EU1.res = Lib\Res\EU1.res
		Lib\Res\EU1_1.res = Lib\Res\EU1_1.res
		Lib\Res\EU2.res = Lib\Res\EU2.res
		Lib\Res\EU2_1.res = Lib\Res\EU2_1.res
		Lib\Res\FC0.res = Lib\Res\FC0.res
		Lib\Res\FC0_1.res = Lib\Res\FC0_1.res
		Lib\Res\FD0.res = Lib\Res\FD0.res
		Lib\Res\FD0_1.res = Lib\Res\FD0_1.res
		Lib\Res\FH0.res = Lib\Res\FH0.res
		Lib\Res\FH0_1.res = Lib\Res\FH0_1.res
		Lib\Res\FOCCQ33600.res = Lib\Res\FOCCQ33600.res
		Lib\Res\FOCCQ33600_1.res = Lib\Res\FOCCQ33600_1.res
		Lib\Res\FOCCQ33700.res = Lib\Res\FOCCQ33700.res
		Lib\Res\FOCCQ33700_1.res = Lib\Res\FOCCQ33700_1.res
		Lib\Res\FX0.res = Lib\Res\FX0.res
		Lib\Res\FX0_1.res = Lib\Res\FX0_1.res
		Lib\Res\H01.res = Lib\Res\H01.res
		Lib\Res\H01_1.res = Lib\Res\H01_1.res
		Lib\Res\H1_.res = Lib\Res\H1_.res
		Lib\Res\H1__1.res = Lib\Res\H1__1.res
		Lib\Res\H2_.res = Lib\Res\H2_.res
		Lib\Res\h2_4ELW.res = Lib\Res\h2_4ELW.res
		Lib\Res\h2_4ELW_2.res = Lib\Res\h2_4ELW_2.res
		Lib\Res\H2__1.res = Lib\Res\H2__1.res
		Lib\Res\h3_4ELW.res = Lib\Res\h3_4ELW.res
		Lib\Res\h3_4ELW_2.res = Lib\Res\h3_4ELW_2.res
		Lib\Res\HA_.res = Lib\Res\HA_.res
		Lib\Res\HA__1.res = Lib\Res\HA__1.res
		Lib\Res\HB_.res = Lib\Res\HB_.res
		Lib\Res\HB__1.res = Lib\Res\HB__1.res
		Lib\Res\I5_.res = Lib\Res\I5_.res
		Lib\Res\I5__1.res = Lib\Res\I5__1.res
		Lib\Res\IJ_.res = Lib\Res\IJ_.res
		Lib\Res\IJ__1.res = Lib\Res\IJ__1.res
		Lib\Res\JC0.res = Lib\Res\JC0.res
		Lib\Res\JC0_1.res = Lib\Res\JC0_1.res
		Lib\Res\JD0.res = Lib\Res\JD0.res
		Lib\Res\JD0_1.res = Lib\Res\JD0_1.res
		Lib\Res\JH0.res = Lib\Res\JH0.res
		Lib\Res\JH0_1.res = Lib\Res\JH0_1.res
		Lib\Res\JIF.res = Lib\Res\JIF.res
		Lib\Res\JIF_1.res = Lib\Res\JIF_1.res
		Lib\Res\JX0.res = Lib\Res\JX0.res
		Lib\Res\JX0_1.res = Lib\Res\JX0_1.res
		Lib\Res\K1_.res = Lib\Res\K1_.res
		Lib\Res\k1_4ELW.res = Lib\Res\k1_4ELW.res
		Lib\Res\k1_4ELW_2.res = Lib\Res\k1_4ELW_2.res
		Lib\Res\K1__1.res = Lib\Res\K1__1.res
		Lib\Res\K3_.res = Lib\Res\K3_.res
		Lib\Res\K3__1.res = Lib\Res\K3__1.res
		Lib\Res\KH_.res = Lib\Res\KH_.res
		Lib\Res\KH__1.res = Lib\Res\KH__1.res
		Lib\Res\KM_.res = Lib\Res\KM_.res
		Lib\Res\KM__1.res = Lib\Res\KM__1.res
		Lib\Res\KS_.res = Lib\Res\KS_.res
		Lib\Res\KS__1.res = Lib\Res\KS__1.res
		Lib\Res\MK2.res = Lib\Res\MK2.res
		Lib\Res\MK2_1.res = Lib\Res\MK2_1.res
		Lib\Res\MMDAQ91200.res = Lib\Res\MMDAQ91200.res
		Lib\Res\MMDAQ91200_1.res = Lib\Res\MMDAQ91200_1.res
		Lib\Res\NC0.res = Lib\Res\NC0.res
		Lib\Res\NC0_1.res = Lib\Res\NC0_1.res
		Lib\Res\NH0.res = Lib\Res\NH0.res
		Lib\Res\NH0_1.res = Lib\Res\NH0_1.res
		Lib\Res\NWS.res = Lib\Res\NWS.res
		Lib\Res\NWS_1.res = Lib\Res\NWS_1.res
		Lib\Res\O01.res = Lib\Res\O01.res
		Lib\Res\O01_1.res = Lib\Res\O01_1.res
		Lib\Res\OC0.res = Lib\Res\OC0.res
		Lib\Res\OC0_1.res = Lib\Res\OC0_1.res
		Lib\Res\OD0.res = Lib\Res\OD0.res
		Lib\Res\OD0_1.res = Lib\Res\OD0_1.res
		Lib\Res\OH0.res = Lib\Res\OH0.res
		Lib\Res\OH0_1.res = Lib\Res\OH0_1.res
		Lib\Res\OK_.res = Lib\Res\OK_.res
		Lib\Res\OK__1.res = Lib\Res\OK__1.res
		Lib\Res\OMG.res = Lib\Res\OMG.res
		Lib\Res\OMG_1.res = Lib\Res\OMG_1.res
		Lib\Res\OX0.res = Lib\Res\OX0.res
		Lib\Res\OX0_1.res = Lib\Res\OX0_1.res
		Lib\Res\PH_.res = Lib\Res\PH_.res
		Lib\Res\PH__1.res = Lib\Res\PH__1.res
		Lib\Res\PM_.res = Lib\Res\PM_.res
		Lib\Res\PM__1.res = Lib\Res\PM__1.res
		Lib\Res\S2_.res = Lib\Res\S2_.res
		Lib\Res\s2_4ELW.res = Lib\Res\s2_4ELW.res
		Lib\Res\s2_4ELW_2.res = Lib\Res\s2_4ELW_2.res
		Lib\Res\S2__1.res = Lib\Res\S2__1.res
		Lib\Res\S3_.res = Lib\Res\S3_.res
		Lib\Res\s3_4ELW.res = Lib\Res\s3_4ELW.res
		Lib\Res\s3_4ELW_2.res = Lib\Res\s3_4ELW_2.res
		Lib\Res\S3__1.res = Lib\Res\S3__1.res
		Lib\Res\S4_.res = Lib\Res\S4_.res
		Lib\Res\S4__1.res = Lib\Res\S4__1.res
		Lib\Res\s4_ELW.res = Lib\Res\s4_ELW.res
		Lib\Res\s4_ELW_2.res = Lib\Res\s4_ELW_2.res
		Lib\Res\SC0.res = Lib\Res\SC0.res
		Lib\Res\SC0_1.res = Lib\Res\SC0_1.res
		Lib\Res\SC1.res = Lib\Res\SC1.res
		Lib\Res\SC1_1.res = Lib\Res\SC1_1.res
		Lib\Res\SC2.res = Lib\Res\SC2.res
		Lib\Res\SC2_1.res = Lib\Res\SC2_1.res
		Lib\Res\SC3.res = Lib\Res\SC3.res
		Lib\Res\SC3_1.res = Lib\Res\SC3_1.res
		Lib\Res\SC4.res = Lib\Res\SC4.res
		Lib\Res\SC4_1.res = Lib\Res\SC4_1.res
		Lib\Res\SHC.res = Lib\Res\SHC.res
		Lib\Res\SHC_1.res = Lib\Res\SHC_1.res
		Lib\Res\SHD.res = Lib\Res\SHD.res
		Lib\Res\SHD_1.res = Lib\Res\SHD_1.res
		Lib\Res\SHI.res = Lib\Res\SHI.res
		Lib\Res\SHI_1.res = Lib\Res\SHI_1.res
		Lib\Res\SHO.res = Lib\Res\SHO.res
		Lib\Res\SHO_1.res = Lib\Res\SHO_1.res
		Lib\Res\t0150.res = Lib\Res\t0150.res
		Lib\Res\t0150_2.res = Lib\Res\t0150_2.res
		Lib\Res\t0151.res = Lib\Res\t0151.res
		Lib\Res\t0151_2.res = Lib\Res\t0151_2.res
		Lib\Res\t0167.res = Lib\Res\t0167.res
		Lib\Res\t0167_2.res = Lib\Res\t0167_2.res
		Lib\Res\t0424.res = Lib\Res\t0424.res
		Lib\Res\t0424_2.res = Lib\Res\t0424_2.res
		Lib\Res\t0425.res = Lib\Res\t0425.res
		Lib\Res\t0425_2.res = Lib\Res\t0425_2.res
		Lib\Res\t0434.res = Lib\Res\t0434.res
		Lib\Res\t0434_2.res = Lib\Res\t0434_2.res
		Lib\Res\t0441.res = Lib\Res\t0441.res
		Lib\Res\t0441_2.res = Lib\Res\t0441_2.res
		Lib\Res\t1101.res = Lib\Res\t1101.res
		Lib\Res\t1101_2.res = Lib\Res\t1101_2.res
		Lib\Res\t1102.res = Lib\Res\t1102.res
		Lib\Res\t1102_2.res = Lib\Res\t1102_2.res
		Lib\Res\t1104.res = Lib\Res\t1104.res
		Lib\Res\t1104_2.res = Lib\Res\t1104_2.res
		Lib\Res\t1105.res = Lib\Res\t1105.res
		Lib\Res\t1105_2.res = Lib\Res\t1105_2.res
		Lib\Res\t1301.res = Lib\Res\t1301.res
		Lib\Res\t1301_2.res = Lib\Res\t1301_2.res
		Lib\Res\t1302.res = Lib\Res\t1302.res
		Lib\Res\t1302_2.res = Lib\Res\t1302_2.res
		Lib\Res\t1305.res = Lib\Res\t1305.res
		Lib\Res\t1305_2.res = Lib\Res\t1305_2.res
		Lib\Res\t1308.res = Lib\Res\t1308.res
		Lib\Res\t1308_2.res = Lib\Res\t1308_2.res
		Lib\Res\t1310.res = Lib\Res\t1310.res
		Lib\Res\t1310_2.res = Lib\Res\t1310_2.res
		Lib\Res\t1403.res = Lib\Res\t1403.res
		Lib\Res\t1403_2.res = Lib\Res\t1403_2.res
		Lib\Res\t1404.res = Lib\Res\t1404.res
		Lib\Res\t1404_2.res = Lib\Res\t1404_2.res
		Lib\Res\t1405.res = Lib\Res\t1405.res
		Lib\Res\t1405_2.res = Lib\Res\t1405_2.res
		Lib\Res\t1410.res = Lib\Res\t1410.res
		Lib\Res\t1410_2.res = Lib\Res\t1410_2.res
		Lib\Res\t1411.res = Lib\Res\t1411.res
		Lib\Res\t1411_2.res = Lib\Res\t1411_2.res
		Lib\Res\t1422.res = Lib\Res\t1422.res
		Lib\Res\t1422_2.res = Lib\Res\t1422_2.res
		Lib\Res\t1427.res = Lib\Res\t1427.res
		Lib\Res\t1427_2.res = Lib\Res\t1427_2.res
		Lib\Res\t1442.res = Lib\Res\t1442.res
		Lib\Res\t1442_2.res = Lib\Res\t1442_2.res
		Lib\Res\t1444.res = Lib\Res\t1444.res
		Lib\Res\t1444_2.res = Lib\Res\t1444_2.res
		Lib\Res\t1449.res = Lib\Res\t1449.res
		Lib\Res\t1449_2.res = Lib\Res\t1449_2.res
		Lib\Res\t1452.res = Lib\Res\t1452.res
		Lib\Res\t1452_2.res = Lib\Res\t1452_2.res
		Lib\Res\t1463.res = Lib\Res\t1463.res
		Lib\Res\t1463_2.res = Lib\Res\t1463_2.res
		Lib\Res\t1471.res = Lib\Res\t1471.res
		Lib\Res\t1471_2.res = Lib\Res\t1471_2.res
		Lib\Res\t1475.res = Lib\Res\t1475.res
		Lib\Res\t1475_2.res = Lib\Res\t1475_2.res
		Lib\Res\t1485.res = Lib\Res\t1485.res
		Lib\Res\t1485_2.res = Lib\Res\t1485_2.res
		Lib\Res\t1486.res = Lib\Res\t1486.res
		Lib\Res\t1486_2.res = Lib\Res\t1486_2.res
		Lib\Res\t1488.res = Lib\Res\t1488.res
		Lib\Res\t1488_2.res = Lib\Res\t1488_2.res
		Lib\Res\t1489.res = Lib\Res\t1489.res
		Lib\Res\t1489_2.res = Lib\Res\t1489_2.res
		Lib\Res\t1511.res = Lib\Res\t1511.res
		Lib\Res\t1511_2.res = Lib\Res\t1511_2.res
		Lib\Res\t1514.res = Lib\Res\t1514.res
		Lib\Res\t1514_2.res = Lib\Res\t1514_2.res
		Lib\Res\t1516.res = Lib\Res\t1516.res
		Lib\Res\t1516_2.res = Lib\Res\t1516_2.res
		Lib\Res\t1531.res = Lib\Res\t1531.res
		Lib\Res\t1531_2.res = Lib\Res\t1531_2.res
		Lib\Res\t1532.res = Lib\Res\t1532.res
		Lib\Res\t1532_2.res = Lib\Res\t1532_2.res
		Lib\Res\t1533.res = Lib\Res\t1533.res
		Lib\Res\t1533_2.res = Lib\Res\t1533_2.res
		Lib\Res\t1537.res = Lib\Res\t1537.res
		Lib\Res\t1537_2.res = Lib\Res\t1537_2.res
		Lib\Res\t1601.res = Lib\Res\t1601.res
		Lib\Res\t1601_2.res = Lib\Res\t1601_2.res
		Lib\Res\t1602.res = Lib\Res\t1602.res
		Lib\Res\t1602_2.res = Lib\Res\t1602_2.res
		Lib\Res\t1603.res = Lib\Res\t1603.res
		Lib\Res\t1603_2.res = Lib\Res\t1603_2.res
		Lib\Res\t1615.res = Lib\Res\t1615.res
		Lib\Res\t1615_2.res = Lib\Res\t1615_2.res
		Lib\Res\t1617.res = Lib\Res\t1617.res
		Lib\Res\t1617_2.res = Lib\Res\t1617_2.res
		Lib\Res\t1621.res = Lib\Res\t1621.res
		Lib\Res\t1621_2.res = Lib\Res\t1621_2.res
		Lib\Res\t1631.res = Lib\Res\t1631.res
		Lib\Res\t1631_2.res = Lib\Res\t1631_2.res
		Lib\Res\t1632.res = Lib\Res\t1632.res
		Lib\Res\t1632_2.res = Lib\Res\t1632_2.res
		Lib\Res\t1633.res = Lib\Res\t1633.res
		Lib\Res\t1633_2.res = Lib\Res\t1633_2.res
		Lib\Res\t1636.res = Lib\Res\t1636.res
		Lib\Res\t1636_2.res = Lib\Res\t1636_2.res
		Lib\Res\t1637.res = Lib\Res\t1637.res
		Lib\Res\t1637_2.res = Lib\Res\t1637_2.res
		Lib\Res\t1638.res = Lib\Res\t1638.res
		Lib\Res\t1638_2.res = Lib\Res\t1638_2.res
		Lib\Res\t1640.res = Lib\Res\t1640.res
		Lib\Res\t1640_2.res = Lib\Res\t1640_2.res
		Lib\Res\t1662.res = Lib\Res\t1662.res
		Lib\Res\t1662_2.res = Lib\Res\t1662_2.res
		Lib\Res\t1664.res = Lib\Res\t1664.res
		Lib\Res\t1664_2.res = Lib\Res\t1664_2.res
		Lib\Res\t1665.res = Lib\Res\t1665.res
		Lib\Res\t1665_2.res = Lib\Res\t1665_2.res
		Lib\Res\t1701.res = Lib\Res\t1701.res
		Lib\Res\t1701_2.res = Lib\Res\t1701_2.res
		Lib\Res\t1702.res = Lib\Res\t1702.res
		Lib\Res\t1702_2.res = Lib\Res\t1702_2.res
		Lib\Res\t1717.res = Lib\Res\t1717.res
		Lib\Res\t1717_2.res = Lib\Res\t1717_2.res
		Lib\Res\t1752.res = Lib\Res\t1752.res
		Lib\Res\t1752_2.res = Lib\Res\t1752_2.res
		Lib\Res\t1764.res = Lib\Res\t1764.res
		Lib\Res\t1764_2.res = Lib\Res\t1764_2.res
		Lib\Res\t1771.res = Lib\Res\t1771.res
		Lib\Res\t1771_2.res = Lib\Res\t1771_2.res
		Lib\Res\t1809.res = Lib\Res\t1809.res
		Lib\Res\t1809_2.res = Lib\Res\t1809_2.res
		Lib\Res\t1825.res = Lib\Res\t1825.res
		Lib\Res\t1825_2.res = Lib\Res\t1825_2.res
		Lib\Res\t1826.res = Lib\Res\t1826.res
		Lib\Res\t1826_2.res = Lib\Res\t1826_2.res
		Lib\Res\t1857.res = Lib\Res\t1857.res
		Lib\Res\t1857_2.res = Lib\Res\t1857_2.res
		Lib\Res\t1866.res = Lib\Res\t1866.res
		Lib\Res\t1866_2.res = Lib\Res\t1866_2.res
		Lib\Res\t1901.res = Lib\Res\t1901.res
		Lib\Res\t1901_2.res = Lib\Res\t1901_2.res
		Lib\Res\t1902.res = Lib\Res\t1902.res
		Lib\Res\t1902_2.res = Lib\Res\t1902_2.res
		Lib\Res\t1903.res = Lib\Res\t1903.res
		Lib\Res\t1903_2.res = Lib\Res\t1903_2.res
		Lib\Res\t1904.res = Lib\Res\t1904.res
		Lib\Res\t1904_2.res = Lib\Res\t1904_2.res
		Lib\Res\t1906.res = Lib\Res\t1906.res
		Lib\Res\t1906_2.res = Lib\Res\t1906_2.res
		Lib\Res\t1921.res = Lib\Res\t1921.res
		Lib\Res\t1921_2.res = Lib\Res\t1921_2.res
		Lib\Res\t1926.res = Lib\Res\t1926.res
		Lib\Res\t1926_2.res = Lib\Res\t1926_2.res
		Lib\Res\t1927.res = Lib\Res\t1927.res
		Lib\Res\t1927_2.res = Lib\Res\t1927_2.res
		Lib\Res\t1941.res = Lib\Res\t1941.res
		Lib\Res\t1941_2.res = Lib\Res\t1941_2.res
		Lib\Res\t1950.res = Lib\Res\t1950.res
		Lib\Res\t1950_2.res = Lib\Res\t1950_2.res
		Lib\Res\t1951.res = Lib\Res\t1951.res
		Lib\Res\t1951_2.res = Lib\Res\t1951_2.res
		Lib\Res\t1954.res = Lib\Res\t1954.res
		Lib\Res\t1954_2.res = Lib\Res\t1954_2.res
		Lib\Res\t1955.res = Lib\Res\t1955.res
		Lib\Res\t1955_2.res = Lib\Res\t1955_2.res
		Lib\Res\t1956.res = Lib\Res\t1956.res
		Lib\Res\t1956_2.res = Lib\Res\t1956_2.res
		Lib\Res\t1958.res = Lib\Res\t1958.res
		Lib\Res\t1958_2.res = Lib\Res\t1958_2.res
		Lib\Res\t1959.res = Lib\Res\t1959.res
		Lib\Res\t1959_2.res = Lib\Res\t1959_2.res
		Lib\Res\t1960.res = Lib\Res\t1960.res
		Lib\Res\t1960_2.res = Lib\Res\t1960_2.res
		Lib\Res\t1961.res = Lib\Res\t1961.res
		Lib\Res\t1961_2.res = Lib\Res\t1961_2.res
		Lib\Res\t1964.res = Lib\Res\t1964.res
		Lib\Res\t1964_2.res = Lib\Res\t1964_2.res
		Lib\Res\t1966.res = Lib\Res\t1966.res
		Lib\Res\t1966_2.res = Lib\Res\t1966_2.res
		Lib\Res\t1971.res = Lib\Res\t1971.res
		Lib\Res\t1971_2.res = Lib\Res\t1971_2.res
		Lib\Res\t1972.res = Lib\Res\t1972.res
		Lib\Res\t1972_2.res = Lib\Res\t1972_2.res
		Lib\Res\t1973.res = Lib\Res\t1973.res
		Lib\Res\t1973_2.res = Lib\Res\t1973_2.res
		Lib\Res\t1974.res = Lib\Res\t1974.res
		Lib\Res\t1974_2.res = Lib\Res\t1974_2.res
		Lib\Res\t1981.res = Lib\Res\t1981.res
		Lib\Res\t1981_2.res = Lib\Res\t1981_2.res
		Lib\Res\t2101.res = Lib\Res\t2101.res
		Lib\Res\t2101_2.res = Lib\Res\t2101_2.res
		Lib\Res\t2105.res = Lib\Res\t2105.res
		Lib\Res\t2105_2.res = Lib\Res\t2105_2.res
		Lib\Res\t2106.res = Lib\Res\t2106.res
		Lib\Res\t2106_2.res = Lib\Res\t2106_2.res
		Lib\Res\t2201.res = Lib\Res\t2201.res
		Lib\Res\t2201_2.res = Lib\Res\t2201_2.res
		Lib\Res\t2203.res = Lib\Res\t2203.res
		Lib\Res\t2203_2.res = Lib\Res\t2203_2.res
		Lib\Res\t2209.res = Lib\Res\t2209.res
		Lib\Res\t2209_2.res = Lib\Res\t2209_2.res
		Lib\Res\t2210.res = Lib\Res\t2210.res
		Lib\Res\t2210_2.res = Lib\Res\t2210_2.res
		Lib\Res\t2301.res = Lib\Res\t2301.res
		Lib\Res\t2301_2.res = Lib\Res\t2301_2.res
		Lib\Res\t2405.res = Lib\Res\t2405.res
		Lib\Res\t2405_2.res = Lib\Res\t2405_2.res
		Lib\Res\t2421.res = Lib\Res\t2421.res
		Lib\Res\t2421_2.res = Lib\Res\t2421_2.res
		Lib\Res\t2541.res = Lib\Res\t2541.res
		Lib\Res\t2541_2.res = Lib\Res\t2541_2.res
		Lib\Res\t2545.res = Lib\Res\t2545.res
		Lib\Res\t2545_2.res = Lib\Res\t2545_2.res
		Lib\Res\t2801.res = Lib\Res\t2801.res
		Lib\Res\t2801_2.res = Lib\Res\t2801_2.res
		Lib\Res\t2802.res = Lib\Res\t2802.res
		Lib\Res\t2802_2.res = Lib\Res\t2802_2.res
		Lib\Res\t2804.res = Lib\Res\t2804.res
		Lib\Res\t2804_2.res = Lib\Res\t2804_2.res
		Lib\Res\t2805.res = Lib\Res\t2805.res
		Lib\Res\t2805_2.res = Lib\Res\t2805_2.res
		Lib\Res\t2813.res = Lib\Res\t2813.res
		Lib\Res\t2813_2.res = Lib\Res\t2813_2.res
		Lib\Res\t2814.res = Lib\Res\t2814.res
		Lib\Res\t2814_2.res = Lib\Res\t2814_2.res
		Lib\Res\t2816.res = Lib\Res\t2816.res
		Lib\Res\t2816_2.res = Lib\Res\t2816_2.res
		Lib\Res\t2830.res = Lib\Res\t2830.res
		Lib\Res\t2830_2.res = Lib\Res\t2830_2.res
		Lib\Res\t2831.res = Lib\Res\t2831.res
		Lib\Res\t2831_2.res = Lib\Res\t2831_2.res
		Lib\Res\t2832.res = Lib\Res\t2832.res
		Lib\Res\t2832_2.res = Lib\Res\t2832_2.res
		Lib\Res\t2833.res = Lib\Res\t2833.res
		Lib\Res\t2833_2.res = Lib\Res\t2833_2.res
		Lib\Res\t2835.res = Lib\Res\t2835.res
		Lib\Res\t2835_2.res = Lib\Res\t2835_2.res
		Lib\Res\t3102.res = Lib\Res\t3102.res
		Lib\Res\t3102_2.res = Lib\Res\t3102_2.res
		Lib\Res\t3202.res = Lib\Res\t3202.res
		Lib\Res\t3202_2.res = Lib\Res\t3202_2.res
		Lib\Res\t3320.res = Lib\Res\t3320.res
		Lib\Res\t3320_2.res = Lib\Res\t3320_2.res
		Lib\Res\t3341.res = Lib\Res\t3341.res
		Lib\Res\t3341_2.res = Lib\Res\t3341_2.res
		Lib\Res\t3401.res = Lib\Res\t3401.res
		Lib\Res\t3401_2.res = Lib\Res\t3401_2.res
		Lib\Res\t3518.res = Lib\Res\t3518.res
		Lib\Res\t3518_2.res = Lib\Res\t3518_2.res
		Lib\Res\t3521.res = Lib\Res\t3521.res
		Lib\Res\t3521_2.res = Lib\Res\t3521_2.res
		Lib\Res\t4201.res = Lib\Res\t4201.res
		Lib\Res\t4201_2.res = Lib\Res\t4201_2.res
		Lib\Res\t4203.res = Lib\Res\t4203.res
		Lib\Res\t4203_2.res = Lib\Res\t4203_2.res
		Lib\Res\t8401.res = Lib\Res\t8401.res
		Lib\Res\t8401_2.res = Lib\Res\t8401_2.res
		Lib\Res\t8402.res = Lib\Res\t8402.res
		Lib\Res\t8402_2.res = Lib\Res\t8402_2.res
		Lib\Res\t8403.res = Lib\Res\t8403.res
		Lib\Res\t8403_2.res = Lib\Res\t8403_2.res
		Lib\Res\t8404.res = Lib\Res\t8404.res
		Lib\Res\t8404_2.res = Lib\Res\t8404_2.res
		Lib\Res\t8405.res = Lib\Res\t8405.res
		Lib\Res\t8405_2.res = Lib\Res\t8405_2.res
		Lib\Res\t8406.res = Lib\Res\t8406.res
		Lib\Res\t8406_2.res = Lib\Res\t8406_2.res
		Lib\Res\t8407.res = Lib\Res\t8407.res
		Lib\Res\t8407_2.res = Lib\Res\t8407_2.res
		Lib\Res\t8408.res = Lib\Res\t8408.res
		Lib\Res\t8408_2.res = Lib\Res\t8408_2.res
		Lib\Res\t8409.res = Lib\Res\t8409.res
		Lib\Res\t8409_2.res = Lib\Res\t8409_2.res
		Lib\Res\t8411.res = Lib\Res\t8411.res
		Lib\Res\t8411_2.res = Lib\Res\t8411_2.res
		Lib\Res\t8412.res = Lib\Res\t8412.res
		Lib\Res\t8412_2.res = Lib\Res\t8412_2.res
		Lib\Res\t8413.res = Lib\Res\t8413.res
		Lib\Res\t8413_2.res = Lib\Res\t8413_2.res
		Lib\Res\t8414.res = Lib\Res\t8414.res
		Lib\Res\t8414_2.res = Lib\Res\t8414_2.res
		Lib\Res\t8415.res = Lib\Res\t8415.res
		Lib\Res\t8415_2.res = Lib\Res\t8415_2.res
		Lib\Res\t8416.res = Lib\Res\t8416.res
		Lib\Res\t8416_2.res = Lib\Res\t8416_2.res
		Lib\Res\t8417.res = Lib\Res\t8417.res
		Lib\Res\t8417_2.res = Lib\Res\t8417_2.res
		Lib\Res\t8418.res = Lib\Res\t8418.res
		Lib\Res\t8418_2.res = Lib\Res\t8418_2.res
		Lib\Res\t8419.res = Lib\Res\t8419.res
		Lib\Res\t8419_2.res = Lib\Res\t8419_2.res
		Lib\Res\t8424.res = Lib\Res\t8424.res
		Lib\Res\t8424_2.res = Lib\Res\t8424_2.res
		Lib\Res\t8425.res = Lib\Res\t8425.res
		Lib\Res\t8425_2.res = Lib\Res\t8425_2.res
		Lib\Res\t8426.res = Lib\Res\t8426.res
		Lib\Res\t8426_2.res = Lib\Res\t8426_2.res
		Lib\Res\t8427.res = Lib\Res\t8427.res
		Lib\Res\t8427_2.res = Lib\Res\t8427_2.res
		Lib\Res\t8428.res = Lib\Res\t8428.res
		Lib\Res\t8428_2.res = Lib\Res\t8428_2.res
		Lib\Res\t8429.res = Lib\Res\t8429.res
		Lib\Res\t8429_2.res = Lib\Res\t8429_2.res
		Lib\Res\t8430.res = Lib\Res\t8430.res
		Lib\Res\t8430_2.res = Lib\Res\t8430_2.res
		Lib\Res\t8431.res = Lib\Res\t8431.res
		Lib\Res\t8431_2.res = Lib\Res\t8431_2.res
		Lib\Res\t8432.res = Lib\Res\t8432.res
		Lib\Res\t8432_2.res = Lib\Res\t8432_2.res
		Lib\Res\t8433.res = Lib\Res\t8433.res
		Lib\Res\t8433_2.res = Lib\Res\t8433_2.res
		Lib\Res\t8434.res = Lib\Res\t8434.res
		Lib\Res\t8434_2.res = Lib\Res\t8434_2.res
		Lib\Res\t8435.res = Lib\Res\t8435.res
		Lib\Res\t8435_2.res = Lib\Res\t8435_2.res
		Lib\Res\t8436.res = Lib\Res\t8436.res
		Lib\Res\t8436_2.res = Lib\Res\t8436_2.res
		Lib\Res\t9905.res = Lib\Res\t9905.res
		Lib\Res\t9905_2.res = Lib\Res\t9905_2.res
		Lib\Res\t9907.res = Lib\Res\t9907.res
		Lib\Res\t9907_2.res = Lib\Res\t9907_2.res
		Lib\Res\t9942.res = Lib\Res\t9942.res
		Lib\Res\t9942_2.res = Lib\Res\t9942_2.res
		Lib\Res\t9943.res = Lib\Res\t9943.res
		Lib\Res\t9943_2.res = Lib\Res\t9943_2.res
		Lib\Res\t9944.res = Lib\Res\t9944.res
		Lib\Res\t9944_2.res = Lib\Res\t9944_2.res
		Lib\Res\t9945.res = Lib\Res\t9945.res
		Lib\Res\t9945_2.res = Lib\Res\t9945_2.res
		Lib\Res\VI_.res = Lib\Res\VI_.res
		Lib\Res\VI__1.res = Lib\Res\VI__1.res
		Lib\Res\YC3.res = Lib\Res\YC3.res
		Lib\Res\YC3_1.res = Lib\Res\YC3_1.res
		Lib\Res\YFC.res = Lib\Res\YFC.res
		Lib\Res\YFC_1.res = Lib\Res\YFC_1.res
		Lib\Res\YJ_.res = Lib\Res\YJ_.res
		Lib\Res\YJ__1.res = Lib\Res\YJ__1.res
		Lib\Res\YJC.res = Lib\Res\YJC.res
		Lib\Res\YJC_1.res = Lib\Res\YJC_1.res
		Lib\Res\YK3.res = Lib\Res\YK3.res
		Lib\Res\YK3_1.res = Lib\Res\YK3_1.res
		Lib\Res\YOC.res = Lib\Res\YOC.res
		Lib\Res\YOC_1.res = Lib\Res\YOC_1.res
		Lib\Res\YS3.res = Lib\Res\YS3.res
		Lib\Res\YS3_1.res = Lib\Res\YS3_1.res
		Lib\Res\Ys3_4ELW.res = Lib\Res\Ys3_4ELW.res
		Lib\Res\Ys3_4ELW_1.res = Lib\Res\Ys3_4ELW_1.res
	EndProjectSection
EndProject
Project("{2150E333-8FDC-42A3-9474-1A3956D46DE8}") = "AutoGenerated", "AutoGenerated", "{AE53CAEC-9098-4283-9820-504E2607FDFF}"
	ProjectSection(SolutionItems) = preProject
		Lib\AutoGenerated\B7_.cs = Lib\AutoGenerated\B7_.cs
		Lib\AutoGenerated\BM_.cs = Lib\AutoGenerated\BM_.cs
		Lib\AutoGenerated\BMT.cs = Lib\AutoGenerated\BMT.cs
		Lib\AutoGenerated\C01.cs = Lib\AutoGenerated\C01.cs
		Lib\AutoGenerated\CCEAQ01100.cs = Lib\AutoGenerated\CCEAQ01100.cs
		Lib\AutoGenerated\CCEAQ06000.cs = Lib\AutoGenerated\CCEAQ06000.cs
		Lib\AutoGenerated\CCEAQ10100.cs = Lib\AutoGenerated\CCEAQ10100.cs
		Lib\AutoGenerated\CCEAQ50600.cs = Lib\AutoGenerated\CCEAQ50600.cs
		Lib\AutoGenerated\CCEAT00100.cs = Lib\AutoGenerated\CCEAT00100.cs
		Lib\AutoGenerated\CCEAT00200.cs = Lib\AutoGenerated\CCEAT00200.cs
		Lib\AutoGenerated\CCEAT00300.cs = Lib\AutoGenerated\CCEAT00300.cs
		Lib\AutoGenerated\CCEBQ10500.cs = Lib\AutoGenerated\CCEBQ10500.cs
		Lib\AutoGenerated\CD0.cs = Lib\AutoGenerated\CD0.cs
		Lib\AutoGenerated\CDPCQ04700.cs = Lib\AutoGenerated\CDPCQ04700.cs
		Lib\AutoGenerated\CEXAQ21100.cs = Lib\AutoGenerated\CEXAQ21100.cs
		Lib\AutoGenerated\CEXAQ21200.cs = Lib\AutoGenerated\CEXAQ21200.cs
		Lib\AutoGenerated\CEXAQ31100.cs = Lib\AutoGenerated\CEXAQ31100.cs
		Lib\AutoGenerated\CEXAQ31200.cs = Lib\AutoGenerated\CEXAQ31200.cs
		Lib\AutoGenerated\CEXAQ44200.cs = Lib\AutoGenerated\CEXAQ44200.cs
		Lib\AutoGenerated\CEXAT11100.cs = Lib\AutoGenerated\CEXAT11100.cs
		Lib\AutoGenerated\CEXAT11200.cs = Lib\AutoGenerated\CEXAT11200.cs
		Lib\AutoGenerated\CEXAT11300.cs = Lib\AutoGenerated\CEXAT11300.cs
		Lib\AutoGenerated\CFOAQ00600.cs = Lib\AutoGenerated\CFOAQ00600.cs
		Lib\AutoGenerated\CFOAQ10100.cs = Lib\AutoGenerated\CFOAQ10100.cs
		Lib\AutoGenerated\CFOAT00100.cs = Lib\AutoGenerated\CFOAT00100.cs
		Lib\AutoGenerated\CFOAT00200.cs = Lib\AutoGenerated\CFOAT00200.cs
		Lib\AutoGenerated\CFOAT00300.cs = Lib\AutoGenerated\CFOAT00300.cs
		Lib\AutoGenerated\CFOBQ10500.cs = Lib\AutoGenerated\CFOBQ10500.cs
		Lib\AutoGenerated\CFOBQ10800.cs = Lib\AutoGenerated\CFOBQ10800.cs
		Lib\AutoGenerated\CFOEQ11100.cs = Lib\AutoGenerated\CFOEQ11100.cs
		Lib\AutoGenerated\CFOEQ82600.cs = Lib\AutoGenerated\CFOEQ82600.cs
		Lib\AutoGenerated\CFOFQ02400.cs = Lib\AutoGenerated\CFOFQ02400.cs
		Lib\AutoGenerated\ChartExcel.cs = Lib\AutoGenerated\ChartExcel.cs
		Lib\AutoGenerated\ChartIndex.cs = Lib\AutoGenerated\ChartIndex.cs
		Lib\AutoGenerated\CLNAQ00100.cs = Lib\AutoGenerated\CLNAQ00100.cs
		Lib\AutoGenerated\CM0.cs = Lib\AutoGenerated\CM0.cs
		Lib\AutoGenerated\CM1.cs = Lib\AutoGenerated\CM1.cs
		Lib\AutoGenerated\CM2.cs = Lib\AutoGenerated\CM2.cs
		Lib\AutoGenerated\CSPAQ00600.cs = Lib\AutoGenerated\CSPAQ00600.cs
		Lib\AutoGenerated\CSPAQ12200.cs = Lib\AutoGenerated\CSPAQ12200.cs
		Lib\AutoGenerated\CSPAQ12300.cs = Lib\AutoGenerated\CSPAQ12300.cs
		Lib\AutoGenerated\CSPAQ13700.cs = Lib\AutoGenerated\CSPAQ13700.cs
		Lib\AutoGenerated\CSPAQ22200.cs = Lib\AutoGenerated\CSPAQ22200.cs
		Lib\AutoGenerated\CSPAT00600.cs = Lib\AutoGenerated\CSPAT00600.cs
		Lib\AutoGenerated\CSPAT00700.cs = Lib\AutoGenerated\CSPAT00700.cs
		Lib\AutoGenerated\CSPAT00800.cs = Lib\AutoGenerated\CSPAT00800.cs
		Lib\AutoGenerated\CSPBQ00200.cs = Lib\AutoGenerated\CSPBQ00200.cs
		Lib\AutoGenerated\CUR.cs = Lib\AutoGenerated\CUR.cs
		Lib\AutoGenerated\DH1.cs = Lib\AutoGenerated\DH1.cs
		Lib\AutoGenerated\DHA.cs = Lib\AutoGenerated\DHA.cs
		Lib\AutoGenerated\DK3.cs = Lib\AutoGenerated\DK3.cs
		Lib\AutoGenerated\DS3.cs = Lib\AutoGenerated\DS3.cs
		Lib\AutoGenerated\DVI.cs = Lib\AutoGenerated\DVI.cs
		Lib\AutoGenerated\EC0.cs = Lib\AutoGenerated\EC0.cs
		Lib\AutoGenerated\EH0.cs = Lib\AutoGenerated\EH0.cs
		Lib\AutoGenerated\ESN.cs = Lib\AutoGenerated\ESN.cs
		Lib\AutoGenerated\EU0.cs = Lib\AutoGenerated\EU0.cs
		Lib\AutoGenerated\EU1.cs = Lib\AutoGenerated\EU1.cs
		Lib\AutoGenerated\EU2.cs = Lib\AutoGenerated\EU2.cs
		Lib\AutoGenerated\FC0.cs = Lib\AutoGenerated\FC0.cs
		Lib\AutoGenerated\FD0.cs = Lib\AutoGenerated\FD0.cs
		Lib\AutoGenerated\FH0.cs = Lib\AutoGenerated\FH0.cs
		Lib\AutoGenerated\FOCCQ33600.cs = Lib\AutoGenerated\FOCCQ33600.cs
		Lib\AutoGenerated\FOCCQ33700.cs = Lib\AutoGenerated\FOCCQ33700.cs
		Lib\AutoGenerated\FX0.cs = Lib\AutoGenerated\FX0.cs
		Lib\AutoGenerated\H01.cs = Lib\AutoGenerated\H01.cs
		Lib\AutoGenerated\H1_.cs = Lib\AutoGenerated\H1_.cs
		Lib\AutoGenerated\H2_.cs = Lib\AutoGenerated\H2_.cs
		Lib\AutoGenerated\h2_4ELW.cs = Lib\AutoGenerated\h2_4ELW.cs
		Lib\AutoGenerated\h3_4ELW.cs = Lib\AutoGenerated\h3_4ELW.cs
		Lib\AutoGenerated\HA_.cs = Lib\AutoGenerated\HA_.cs
		Lib\AutoGenerated\HB_.cs = Lib\AutoGenerated\HB_.cs
		Lib\AutoGenerated\I5_.cs = Lib\AutoGenerated\I5_.cs
		Lib\AutoGenerated\IJ_.cs = Lib\AutoGenerated\IJ_.cs
		Lib\AutoGenerated\JC0.cs = Lib\AutoGenerated\JC0.cs
		Lib\AutoGenerated\JD0.cs = Lib\AutoGenerated\JD0.cs
		Lib\AutoGenerated\JH0.cs = Lib\AutoGenerated\JH0.cs
		Lib\AutoGenerated\JIF.cs = Lib\AutoGenerated\JIF.cs
		Lib\AutoGenerated\JX0.cs = Lib\AutoGenerated\JX0.cs
		Lib\AutoGenerated\K1_.cs = Lib\AutoGenerated\K1_.cs
		Lib\AutoGenerated\k1_4ELW.cs = Lib\AutoGenerated\k1_4ELW.cs
		Lib\AutoGenerated\K3_.cs = Lib\AutoGenerated\K3_.cs
		Lib\AutoGenerated\KH_.cs = Lib\AutoGenerated\KH_.cs
		Lib\AutoGenerated\KM_.cs = Lib\AutoGenerated\KM_.cs
		Lib\AutoGenerated\KS_.cs = Lib\AutoGenerated\KS_.cs
		Lib\AutoGenerated\MK2.cs = Lib\AutoGenerated\MK2.cs
		Lib\AutoGenerated\MMDAQ91200.cs = Lib\AutoGenerated\MMDAQ91200.cs
		Lib\AutoGenerated\NC0.cs = Lib\AutoGenerated\NC0.cs
		Lib\AutoGenerated\NH0.cs = Lib\AutoGenerated\NH0.cs
		Lib\AutoGenerated\NWS.cs = Lib\AutoGenerated\NWS.cs
		Lib\AutoGenerated\O01.cs = Lib\AutoGenerated\O01.cs
		Lib\AutoGenerated\OC0.cs = Lib\AutoGenerated\OC0.cs
		Lib\AutoGenerated\OD0.cs = Lib\AutoGenerated\OD0.cs
		Lib\AutoGenerated\OH0.cs = Lib\AutoGenerated\OH0.cs
		Lib\AutoGenerated\OK_.cs = Lib\AutoGenerated\OK_.cs
		Lib\AutoGenerated\OMG.cs = Lib\AutoGenerated\OMG.cs
		Lib\AutoGenerated\OX0.cs = Lib\AutoGenerated\OX0.cs
		Lib\AutoGenerated\PH_.cs = Lib\AutoGenerated\PH_.cs
		Lib\AutoGenerated\PM_.cs = Lib\AutoGenerated\PM_.cs
		Lib\AutoGenerated\S2_.cs = Lib\AutoGenerated\S2_.cs
		Lib\AutoGenerated\s2_4ELW.cs = Lib\AutoGenerated\s2_4ELW.cs
		Lib\AutoGenerated\S3_.cs = Lib\AutoGenerated\S3_.cs
		Lib\AutoGenerated\s3_4ELW.cs = Lib\AutoGenerated\s3_4ELW.cs
		Lib\AutoGenerated\S4_.cs = Lib\AutoGenerated\S4_.cs
		Lib\AutoGenerated\s4_ELW.cs = Lib\AutoGenerated\s4_ELW.cs
		Lib\AutoGenerated\SC0.cs = Lib\AutoGenerated\SC0.cs
		Lib\AutoGenerated\SC1.cs = Lib\AutoGenerated\SC1.cs
		Lib\AutoGenerated\SC2.cs = Lib\AutoGenerated\SC2.cs
		Lib\AutoGenerated\SC3.cs = Lib\AutoGenerated\SC3.cs
		Lib\AutoGenerated\SC4.cs = Lib\AutoGenerated\SC4.cs
		Lib\AutoGenerated\SHC.cs = Lib\AutoGenerated\SHC.cs
		Lib\AutoGenerated\SHD.cs = Lib\AutoGenerated\SHD.cs
		Lib\AutoGenerated\SHI.cs = Lib\AutoGenerated\SHI.cs
		Lib\AutoGenerated\SHO.cs = Lib\AutoGenerated\SHO.cs
		Lib\AutoGenerated\t0150.cs = Lib\AutoGenerated\t0150.cs
		Lib\AutoGenerated\t0151.cs = Lib\AutoGenerated\t0151.cs
		Lib\AutoGenerated\t0167.cs = Lib\AutoGenerated\t0167.cs
		Lib\AutoGenerated\t0424.cs = Lib\AutoGenerated\t0424.cs
		Lib\AutoGenerated\t0425.cs = Lib\AutoGenerated\t0425.cs
		Lib\AutoGenerated\t0434.cs = Lib\AutoGenerated\t0434.cs
		Lib\AutoGenerated\t0441.cs = Lib\AutoGenerated\t0441.cs
		Lib\AutoGenerated\t1101.cs = Lib\AutoGenerated\t1101.cs
		Lib\AutoGenerated\t1102.cs = Lib\AutoGenerated\t1102.cs
		Lib\AutoGenerated\t1104.cs = Lib\AutoGenerated\t1104.cs
		Lib\AutoGenerated\t1105.cs = Lib\AutoGenerated\t1105.cs
		Lib\AutoGenerated\t1301.cs = Lib\AutoGenerated\t1301.cs
		Lib\AutoGenerated\t1302.cs = Lib\AutoGenerated\t1302.cs
		Lib\AutoGenerated\t1305.cs = Lib\AutoGenerated\t1305.cs
		Lib\AutoGenerated\t1308.cs = Lib\AutoGenerated\t1308.cs
		Lib\AutoGenerated\t1310.cs = Lib\AutoGenerated\t1310.cs
		Lib\AutoGenerated\t1403.cs = Lib\AutoGenerated\t1403.cs
		Lib\AutoGenerated\t1404.cs = Lib\AutoGenerated\t1404.cs
		Lib\AutoGenerated\t1405.cs = Lib\AutoGenerated\t1405.cs
		Lib\AutoGenerated\t1410.cs = Lib\AutoGenerated\t1410.cs
		Lib\AutoGenerated\t1411.cs = Lib\AutoGenerated\t1411.cs
		Lib\AutoGenerated\t1422.cs = Lib\AutoGenerated\t1422.cs
		Lib\AutoGenerated\t1427.cs = Lib\AutoGenerated\t1427.cs
		Lib\AutoGenerated\t1442.cs = Lib\AutoGenerated\t1442.cs
		Lib\AutoGenerated\t1444.cs = Lib\AutoGenerated\t1444.cs
		Lib\AutoGenerated\t1449.cs = Lib\AutoGenerated\t1449.cs
		Lib\AutoGenerated\t1452.cs = Lib\AutoGenerated\t1452.cs
		Lib\AutoGenerated\t1463.cs = Lib\AutoGenerated\t1463.cs
		Lib\AutoGenerated\t1471.cs = Lib\AutoGenerated\t1471.cs
		Lib\AutoGenerated\t1475.cs = Lib\AutoGenerated\t1475.cs
		Lib\AutoGenerated\t1485.cs = Lib\AutoGenerated\t1485.cs
		Lib\AutoGenerated\t1486.cs = Lib\AutoGenerated\t1486.cs
		Lib\AutoGenerated\t1488.cs = Lib\AutoGenerated\t1488.cs
		Lib\AutoGenerated\t1489.cs = Lib\AutoGenerated\t1489.cs
		Lib\AutoGenerated\t1511.cs = Lib\AutoGenerated\t1511.cs
		Lib\AutoGenerated\t1514.cs = Lib\AutoGenerated\t1514.cs
		Lib\AutoGenerated\t1516.cs = Lib\AutoGenerated\t1516.cs
		Lib\AutoGenerated\t1531.cs = Lib\AutoGenerated\t1531.cs
		Lib\AutoGenerated\t1532.cs = Lib\AutoGenerated\t1532.cs
		Lib\AutoGenerated\t1533.cs = Lib\AutoGenerated\t1533.cs
		Lib\AutoGenerated\t1537.cs = Lib\AutoGenerated\t1537.cs
		Lib\AutoGenerated\t1601.cs = Lib\AutoGenerated\t1601.cs
		Lib\AutoGenerated\t1602.cs = Lib\AutoGenerated\t1602.cs
		Lib\AutoGenerated\t1603.cs = Lib\AutoGenerated\t1603.cs
		Lib\AutoGenerated\t1615.cs = Lib\AutoGenerated\t1615.cs
		Lib\AutoGenerated\t1617.cs = Lib\AutoGenerated\t1617.cs
		Lib\AutoGenerated\t1621.cs = Lib\AutoGenerated\t1621.cs
		Lib\AutoGenerated\t1631.cs = Lib\AutoGenerated\t1631.cs
		Lib\AutoGenerated\t1632.cs = Lib\AutoGenerated\t1632.cs
		Lib\AutoGenerated\t1633.cs = Lib\AutoGenerated\t1633.cs
		Lib\AutoGenerated\t1636.cs = Lib\AutoGenerated\t1636.cs
		Lib\AutoGenerated\t1637.cs = Lib\AutoGenerated\t1637.cs
		Lib\AutoGenerated\t1638.cs = Lib\AutoGenerated\t1638.cs
		Lib\AutoGenerated\t1640.cs = Lib\AutoGenerated\t1640.cs
		Lib\AutoGenerated\t1662.cs = Lib\AutoGenerated\t1662.cs
		Lib\AutoGenerated\t1664.cs = Lib\AutoGenerated\t1664.cs
		Lib\AutoGenerated\t1665.cs = Lib\AutoGenerated\t1665.cs
		Lib\AutoGenerated\t1701.cs = Lib\AutoGenerated\t1701.cs
		Lib\AutoGenerated\t1702.cs = Lib\AutoGenerated\t1702.cs
		Lib\AutoGenerated\t1717.cs = Lib\AutoGenerated\t1717.cs
		Lib\AutoGenerated\t1752.cs = Lib\AutoGenerated\t1752.cs
		Lib\AutoGenerated\t1764.cs = Lib\AutoGenerated\t1764.cs
		Lib\AutoGenerated\t1771.cs = Lib\AutoGenerated\t1771.cs
		Lib\AutoGenerated\t1809.cs = Lib\AutoGenerated\t1809.cs
		Lib\AutoGenerated\t1825.cs = Lib\AutoGenerated\t1825.cs
		Lib\AutoGenerated\t1826.cs = Lib\AutoGenerated\t1826.cs
		Lib\AutoGenerated\t1857.cs = Lib\AutoGenerated\t1857.cs
		Lib\AutoGenerated\t1866.cs = Lib\AutoGenerated\t1866.cs
		Lib\AutoGenerated\t1901.cs = Lib\AutoGenerated\t1901.cs
		Lib\AutoGenerated\t1902.cs = Lib\AutoGenerated\t1902.cs
		Lib\AutoGenerated\t1903.cs = Lib\AutoGenerated\t1903.cs
		Lib\AutoGenerated\t1904.cs = Lib\AutoGenerated\t1904.cs
		Lib\AutoGenerated\t1906.cs = Lib\AutoGenerated\t1906.cs
		Lib\AutoGenerated\t1921.cs = Lib\AutoGenerated\t1921.cs
		Lib\AutoGenerated\t1926.cs = Lib\AutoGenerated\t1926.cs
		Lib\AutoGenerated\t1927.cs = Lib\AutoGenerated\t1927.cs
		Lib\AutoGenerated\t1941.cs = Lib\AutoGenerated\t1941.cs
		Lib\AutoGenerated\t1950.cs = Lib\AutoGenerated\t1950.cs
		Lib\AutoGenerated\t1951.cs = Lib\AutoGenerated\t1951.cs
		Lib\AutoGenerated\t1954.cs = Lib\AutoGenerated\t1954.cs
		Lib\AutoGenerated\t1955.cs = Lib\AutoGenerated\t1955.cs
		Lib\AutoGenerated\t1956.cs = Lib\AutoGenerated\t1956.cs
		Lib\AutoGenerated\t1958.cs = Lib\AutoGenerated\t1958.cs
		Lib\AutoGenerated\t1959.cs = Lib\AutoGenerated\t1959.cs
		Lib\AutoGenerated\t1960.cs = Lib\AutoGenerated\t1960.cs
		Lib\AutoGenerated\t1961.cs = Lib\AutoGenerated\t1961.cs
		Lib\AutoGenerated\t1964.cs = Lib\AutoGenerated\t1964.cs
		Lib\AutoGenerated\t1966.cs = Lib\AutoGenerated\t1966.cs
		Lib\AutoGenerated\t1971.cs = Lib\AutoGenerated\t1971.cs
		Lib\AutoGenerated\t1972.cs = Lib\AutoGenerated\t1972.cs
		Lib\AutoGenerated\t1973.cs = Lib\AutoGenerated\t1973.cs
		Lib\AutoGenerated\t1974.cs = Lib\AutoGenerated\t1974.cs
		Lib\AutoGenerated\t1981.cs = Lib\AutoGenerated\t1981.cs
		Lib\AutoGenerated\t2101.cs = Lib\AutoGenerated\t2101.cs
		Lib\AutoGenerated\t2105.cs = Lib\AutoGenerated\t2105.cs
		Lib\AutoGenerated\t2106.cs = Lib\AutoGenerated\t2106.cs
		Lib\AutoGenerated\t2201.cs = Lib\AutoGenerated\t2201.cs
		Lib\AutoGenerated\t2203.cs = Lib\AutoGenerated\t2203.cs
		Lib\AutoGenerated\t2209.cs = Lib\AutoGenerated\t2209.cs
		Lib\AutoGenerated\t2210.cs = Lib\AutoGenerated\t2210.cs
		Lib\AutoGenerated\t2301.cs = Lib\AutoGenerated\t2301.cs
		Lib\AutoGenerated\t2405.cs = Lib\AutoGenerated\t2405.cs
		Lib\AutoGenerated\t2421.cs = Lib\AutoGenerated\t2421.cs
		Lib\AutoGenerated\t2541.cs = Lib\AutoGenerated\t2541.cs
		Lib\AutoGenerated\t2545.cs = Lib\AutoGenerated\t2545.cs
		Lib\AutoGenerated\t2801.cs = Lib\AutoGenerated\t2801.cs
		Lib\AutoGenerated\t2802.cs = Lib\AutoGenerated\t2802.cs
		Lib\AutoGenerated\t2804.cs = Lib\AutoGenerated\t2804.cs
		Lib\AutoGenerated\t2805.cs = Lib\AutoGenerated\t2805.cs
		Lib\AutoGenerated\t2813.cs = Lib\AutoGenerated\t2813.cs
		Lib\AutoGenerated\t2814.cs = Lib\AutoGenerated\t2814.cs
		Lib\AutoGenerated\t2816.cs = Lib\AutoGenerated\t2816.cs
		Lib\AutoGenerated\t2830.cs = Lib\AutoGenerated\t2830.cs
		Lib\AutoGenerated\t2831.cs = Lib\AutoGenerated\t2831.cs
		Lib\AutoGenerated\t2832.cs = Lib\AutoGenerated\t2832.cs
		Lib\AutoGenerated\t2833.cs = Lib\AutoGenerated\t2833.cs
		Lib\AutoGenerated\t2835.cs = Lib\AutoGenerated\t2835.cs
		Lib\AutoGenerated\t3102.cs = Lib\AutoGenerated\t3102.cs
		Lib\AutoGenerated\t3202.cs = Lib\AutoGenerated\t3202.cs
		Lib\AutoGenerated\t3320.cs = Lib\AutoGenerated\t3320.cs
		Lib\AutoGenerated\t3341.cs = Lib\AutoGenerated\t3341.cs
		Lib\AutoGenerated\t3401.cs = Lib\AutoGenerated\t3401.cs
		Lib\AutoGenerated\t3518.cs = Lib\AutoGenerated\t3518.cs
		Lib\AutoGenerated\t3521.cs = Lib\AutoGenerated\t3521.cs
		Lib\AutoGenerated\t4201.cs = Lib\AutoGenerated\t4201.cs
		Lib\AutoGenerated\t4203.cs = Lib\AutoGenerated\t4203.cs
		Lib\AutoGenerated\t8401.cs = Lib\AutoGenerated\t8401.cs
		Lib\AutoGenerated\t8402.cs = Lib\AutoGenerated\t8402.cs
		Lib\AutoGenerated\t8403.cs = Lib\AutoGenerated\t8403.cs
		Lib\AutoGenerated\t8404.cs = Lib\AutoGenerated\t8404.cs
		Lib\AutoGenerated\t8405.cs = Lib\AutoGenerated\t8405.cs
		Lib\AutoGenerated\t8406.cs = Lib\AutoGenerated\t8406.cs
		Lib\AutoGenerated\t8407.cs = Lib\AutoGenerated\t8407.cs
		Lib\AutoGenerated\t8408.cs = Lib\AutoGenerated\t8408.cs
		Lib\AutoGenerated\t8409.cs = Lib\AutoGenerated\t8409.cs
		Lib\AutoGenerated\t8411.cs = Lib\AutoGenerated\t8411.cs
		Lib\AutoGenerated\t8412.cs = Lib\AutoGenerated\t8412.cs
		Lib\AutoGenerated\t8413.cs = Lib\AutoGenerated\t8413.cs
		Lib\AutoGenerated\t8414.cs = Lib\AutoGenerated\t8414.cs
		Lib\AutoGenerated\t8415.cs = Lib\AutoGenerated\t8415.cs
		Lib\AutoGenerated\t8416.cs = Lib\AutoGenerated\t8416.cs
		Lib\AutoGenerated\t8417.cs = Lib\AutoGenerated\t8417.cs
		Lib\AutoGenerated\t8418.cs = Lib\AutoGenerated\t8418.cs
		Lib\AutoGenerated\t8419.cs = Lib\AutoGenerated\t8419.cs
		Lib\AutoGenerated\t8424.cs = Lib\AutoGenerated\t8424.cs
		Lib\AutoGenerated\t8425.cs = Lib\AutoGenerated\t8425.cs
		Lib\AutoGenerated\t8426.cs = Lib\AutoGenerated\t8426.cs
		Lib\AutoGenerated\t8427.cs = Lib\AutoGenerated\t8427.cs
		Lib\AutoGenerated\t8428.cs = Lib\AutoGenerated\t8428.cs
		Lib\AutoGenerated\t8429.cs = Lib\AutoGenerated\t8429.cs
		Lib\AutoGenerated\t8430.cs = Lib\AutoGenerated\t8430.cs
		Lib\AutoGenerated\t8431.cs = Lib\AutoGenerated\t8431.cs
		Lib\AutoGenerated\t8432.cs = Lib\AutoGenerated\t8432.cs
		Lib\AutoGenerated\t8433.cs = Lib\AutoGenerated\t8433.cs
		Lib\AutoGenerated\t8434.cs = Lib\AutoGenerated\t8434.cs
		Lib\AutoGenerated\t8435.cs = Lib\AutoGenerated\t8435.cs
		Lib\AutoGenerated\t8436.cs = Lib\AutoGenerated\t8436.cs
		Lib\AutoGenerated\t8437.cs = Lib\AutoGenerated\t8437.cs
		Lib\AutoGenerated\t9905.cs = Lib\AutoGenerated\t9905.cs
		Lib\AutoGenerated\t9907.cs = Lib\AutoGenerated\t9907.cs
		Lib\AutoGenerated\t9942.cs = Lib\AutoGenerated\t9942.cs
		Lib\AutoGenerated\t9943.cs = Lib\AutoGenerated\t9943.cs
		Lib\AutoGenerated\t9944.cs = Lib\AutoGenerated\t9944.cs
		Lib\AutoGenerated\t9945.cs = Lib\AutoGenerated\t9945.cs
		Lib\AutoGenerated\VI_.cs = Lib\AutoGenerated\VI_.cs
		Lib\AutoGenerated\YC3.cs = Lib\AutoGenerated\YC3.cs
		Lib\AutoGenerated\YFC.cs = Lib\AutoGenerated\YFC.cs
		Lib\AutoGenerated\YJ_.cs = Lib\AutoGenerated\YJ_.cs
		Lib\AutoGenerated\YJC.cs = Lib\AutoGenerated\YJC.cs
		Lib\AutoGenerated\YK3.cs = Lib\AutoGenerated\YK3.cs
		Lib\AutoGenerated\YOC.cs = Lib\AutoGenerated\YOC.cs
		Lib\AutoGenerated\YS3.cs = Lib\AutoGenerated\YS3.cs
		Lib\AutoGenerated\Ys3_4ELW.cs = Lib\AutoGenerated\Ys3_4ELW.cs
	EndProjectSection
EndProject
Project("{2150E333-8FDC-42A3-9474-1A3956D46DE8}") = "DevCenterSample", "DevCenterSample", "{45A1BA64-AC3D-4DA1-B0DE-49B7FD116502}"
EndProject
Project("{2150E333-8FDC-42A3-9474-1A3956D46DE8}") = "TR", "TR", "{9875BF81-812A-4FAF-9C63-9DA4E2E9CA7B}"
EndProject
Project("{2150E333-8FDC-42A3-9474-1A3956D46DE8}") = "Real", "Real", "{5D675DB7-302B-40E5-B981-AABA70D1F823}"
EndProject
Project("{FAE04EC0-301F-11D3-BF4B-00C04F79EFBC}") = "t8424", "DevCenterSample\TR\업종\t8424\t8424.csproj", "{70A82FB8-DB73-44A2-BB85-7DFE851337C1}"
EndProject
Project("{2150E333-8FDC-42A3-9474-1A3956D46DE8}") = "Image", "Image", "{B291FED4-6E01-491F-87A2-1544DA80FEC4}"
	ProjectSection(SolutionItems) = preProject
		Lib\Image\btnConnect.bmp = Lib\Image\btnConnect.bmp
		Lib\Image\btnQuit.bmp = Lib\Image\btnQuit.bmp
		Lib\Image\devcenter_login_back.bmp = Lib\Image\devcenter_login_back.bmp
	EndProjectSection
EndProject
Project("{FAE04EC0-301F-11D3-BF4B-00C04F79EFBC}") = "t1511", "DevCenterSample\TR\업종\t1511\t1511.csproj", "{A6C2F9A7-A020-4B0C-A2F1-182888C186AE}"
EndProject
Project("{FAE04EC0-301F-11D3-BF4B-00C04F79EFBC}") = "t1475", "DevCenterSample\TR\업종\t1475\t1475.csproj", "{2AA22104-9123-4F2E-AFCE-27CB3C101786}"
EndProject
Project("{FAE04EC0-301F-11D3-BF4B-00C04F79EFBC}") = "t1514", "DevCenterSample\TR\업종\t1514\t1514.csproj", "{DD05E939-1CED-4B6A-AA1F-382D244072CA}"
EndProject
Project("{FAE04EC0-301F-11D3-BF4B-00C04F79EFBC}") = "t8419", "DevCenterSample\TR\업종\t8419\t8419.csproj", "{D7D7F9B1-586F-45E8-8049-5CFB8F65C018}"
EndProject
Project("{FAE04EC0-301F-11D3-BF4B-00C04F79EFBC}") = "t8425", "DevCenterSample\TR\업종\t8425\t8425.csproj", "{9A521E38-1FE5-4CB4-BD93-816D9AA1ADB6}"
EndProject
Project("{FAE04EC0-301F-11D3-BF4B-00C04F79EFBC}") = "t1533", "DevCenterSample\TR\업종\t1533\t1533.csproj", "{9CE61AA1-A973-45B7-A2BF-4AAB76C338FA}"
EndProject
Project("{FAE04EC0-301F-11D3-BF4B-00C04F79EFBC}") = "t1532", "DevCenterSample\TR\업종\t1532\t1532.csproj", "{D06833F1-0C4B-48A5-9139-B29EC197E30C}"
EndProject
Project("{FAE04EC0-301F-11D3-BF4B-00C04F79EFBC}") = "t1537", "DevCenterSample\TR\업종\t1537\t1537.csproj", "{50FB4DB9-C08F-4081-AA97-EB89F93DE0B7}"
EndProject
Project("{2150E333-8FDC-42A3-9474-1A3956D46DE8}") = "StockCodeGen", "StockCodeGen", "{0A7A858F-06A2-4F72-8260-96EB34ACAB75}"
EndProject
Project("{FAE04EC0-301F-11D3-BF4B-00C04F79EFBC}") = "StockCodeGen", "DevCenterSample\StockCodeGen\StockCodeGen.csproj", "{7BE4CBA4-91DA-4951-892A-266039F74B5F}"
EndProject
Project("{FAE04EC0-301F-11D3-BF4B-00C04F79EFBC}") = "t8430", "DevCenterSample\TR\업종\t8430\t8430.csproj", "{E4CEB8A5-2433-4B88-9309-29DD805E6367}"
EndProject
Project("{FAE04EC0-301F-11D3-BF4B-00C04F79EFBC}") = "t0167", "DevCenterSample\TR\업종\t0167\t0167.csproj", "{91B446A6-4526-48CE-9CE0-8F65BB0C54EF}"
EndProject
Project("{FAE04EC0-301F-11D3-BF4B-00C04F79EFBC}") = "t1305", "DevCenterSample\TR\업종\t1305\t1305.csproj", "{0445817D-CD33-46AE-8F80-E4E582EC71B8}"
EndProject
Project("{FAE04EC0-301F-11D3-BF4B-00C04F79EFBC}") = "t1302", "DevCenterSample\TR\업종\t1302\t1302.csproj", "{4874064B-234E-4DD7-A371-9B6A12F984B2}"
EndProject
Project("{FAE04EC0-301F-11D3-BF4B-00C04F79EFBC}") = "t0424", "DevCenterSample\TR\업종\t0424\t0424.csproj", "{B7C56353-7A3F-4BE3-AF09-3EE34C696FF7}"
EndProject
Project("{FAE04EC0-301F-11D3-BF4B-00C04F79EFBC}") = "WriteToSqlite", "DevCenterSample\WriteToSqlite\WriteToSqlite.csproj", "{2C523AF8-A6E3-4091-8E6C-4863AB42B2CB}"
EndProject
Project("{9A19103F-16F7-4668-BE54-9A1E7A4F7556}") = "XingAPINet.Sqlite", "XingAPINet.Sqlite\XingAPINet.Sqlite.csproj", "{104000E1-A25E-4416-A1EE-0419DC82A0EB}"
EndProject
Project("{2150E333-8FDC-42A3-9474-1A3956D46DE8}") = "runtimes", "runtimes", "{838D0559-4215-4EA2-94C5-38A6A6E8AC5E}"
EndProject
Project("{2150E333-8FDC-42A3-9474-1A3956D46DE8}") = "win-x86", "win-x86", "{D7A9E38E-2CC6-414B-A430-7F9AA718862E}"
EndProject
Project("{2150E333-8FDC-42A3-9474-1A3956D46DE8}") = "native", "native", "{59BA2141-1AD2-45D4-8816-FE0379E3C040}"
	ProjectSection(SolutionItems) = preProject
		Lib\runtimes\win-x86\native\e_sqlite3.dll = Lib\runtimes\win-x86\native\e_sqlite3.dll
	EndProjectSection
EndProject
Project("{FAE04EC0-301F-11D3-BF4B-00C04F79EFBC}") = "t1702", "DevCenterSample\TR\업종\t1702\t1702.csproj", "{D208755D-0547-46FF-A3B1-00748E12D59C}"
EndProject
Project("{FAE04EC0-301F-11D3-BF4B-00C04F79EFBC}") = "t1717", "DevCenterSample\TR\업종\t1717\t1717.csproj", "{A360BF51-49B3-4052-B27E-48B454B5097C}"
EndProject
Project("{FAE04EC0-301F-11D3-BF4B-00C04F79EFBC}") = "t1301", "DevCenterSample\TR\업종\t1301\t1301.csproj", "{63539C68-4A22-4BCC-BCC8-3648AFC69C5A}"
EndProject
Project("{FAE04EC0-301F-11D3-BF4B-00C04F79EFBC}") = "t1310", "DevCenterSample\TR\업종\t1310\t1310.csproj", "{F33E84D2-FE79-49E9-8E6C-4F4CAC98645C}"
EndProject
Project("{FAE04EC0-301F-11D3-BF4B-00C04F79EFBC}") = "cspat600", "DevCenterSample\TR\업종\cspat600\cspat600.csproj", "{52B8D845-A1B7-48B4-93F1-18857955AB1D}"
EndProject
Project("{FAE04EC0-301F-11D3-BF4B-00C04F79EFBC}") = "cspat700", "DevCenterSample\TR\업종\cspat700\cspat700.csproj", "{30794128-E0E0-40B8-9DA9-D5F9F9143568}"
EndProject
Project("{FAE04EC0-301F-11D3-BF4B-00C04F79EFBC}") = "cspat800", "DevCenterSample\TR\업종\cspat800\cspat800.csproj", "{1D604667-9C83-450A-ADA4-387DB7909BB0}"
EndProject
Project("{FAE04EC0-301F-11D3-BF4B-00C04F79EFBC}") = "cspaq12200", "DevCenterSample\TR\업종\cspaq12200\cspaq12200.csproj", "{43993564-7168-4072-8B33-87EB0880E401}"
EndProject
Project("{FAE04EC0-301F-11D3-BF4B-00C04F79EFBC}") = "cspaq12300", "DevCenterSample\TR\업종\cspaq12300\cspaq12300.csproj", "{ABF280ED-0AE2-452A-838B-327D63CD2E73}"
EndProject
Project("{FAE04EC0-301F-11D3-BF4B-00C04F79EFBC}") = "t0425", "DevCenterSample\TR\업종\t0425\t0425.csproj", "{7ED8354D-F7DB-4845-92B4-A2CCE543D660}"
EndProject
Project("{FAE04EC0-301F-11D3-BF4B-00C04F79EFBC}") = "t2101", "DevCenterSample\TR\업종\t2101\t2101.csproj", "{66420D0B-3D7F-461C-9444-8F743019ECA8}"
EndProject
Project("{FAE04EC0-301F-11D3-BF4B-00C04F79EFBC}") = "t1102", "DevCenterSample\TR\업종\t1102\t1102.csproj", "{27A2DBA9-9B30-48FB-9852-481746EE60BB}"
EndProject
Global
	GlobalSection(SolutionConfigurationPlatforms) = preSolution
		Debug|Any CPU = Debug|Any CPU
		Debug|x86 = Debug|x86
		Release|Any CPU = Release|Any CPU
		Release|x86 = Release|x86
	EndGlobalSection
	GlobalSection(ProjectConfigurationPlatforms) = postSolution
		{3D772C7D-19DC-4AC7-8A11-211323D6E937}.Debug|Any CPU.ActiveCfg = Debug|Any CPU
		{3D772C7D-19DC-4AC7-8A11-211323D6E937}.Debug|Any CPU.Build.0 = Debug|Any CPU
		{3D772C7D-19DC-4AC7-8A11-211323D6E937}.Debug|x86.ActiveCfg = Debug|x86
		{3D772C7D-19DC-4AC7-8A11-211323D6E937}.Debug|x86.Build.0 = Debug|x86
		{3D772C7D-19DC-4AC7-8A11-211323D6E937}.Release|Any CPU.ActiveCfg = Release|Any CPU
		{3D772C7D-19DC-4AC7-8A11-211323D6E937}.Release|Any CPU.Build.0 = Release|Any CPU
		{3D772C7D-19DC-4AC7-8A11-211323D6E937}.Release|x86.ActiveCfg = Release|x86
		{3D772C7D-19DC-4AC7-8A11-211323D6E937}.Release|x86.Build.0 = Release|x86
		{EF05A9DC-E222-4421-A779-A7FFB68C361E}.Debug|Any CPU.ActiveCfg = Debug|Any CPU
		{EF05A9DC-E222-4421-A779-A7FFB68C361E}.Debug|Any CPU.Build.0 = Debug|Any CPU
		{EF05A9DC-E222-4421-A779-A7FFB68C361E}.Debug|x86.ActiveCfg = Debug|Any CPU
		{EF05A9DC-E222-4421-A779-A7FFB68C361E}.Debug|x86.Build.0 = Debug|Any CPU
		{EF05A9DC-E222-4421-A779-A7FFB68C361E}.Release|Any CPU.ActiveCfg = Release|Any CPU
		{EF05A9DC-E222-4421-A779-A7FFB68C361E}.Release|Any CPU.Build.0 = Release|Any CPU
		{EF05A9DC-E222-4421-A779-A7FFB68C361E}.Release|x86.ActiveCfg = Release|Any CPU
		{EF05A9DC-E222-4421-A779-A7FFB68C361E}.Release|x86.Build.0 = Release|Any CPU
		{45E35851-8BA1-4B01-A3ED-BCE85E352860}.Debug|Any CPU.ActiveCfg = Debug|Any CPU
		{45E35851-8BA1-4B01-A3ED-BCE85E352860}.Debug|Any CPU.Build.0 = Debug|Any CPU
		{45E35851-8BA1-4B01-A3ED-BCE85E352860}.Debug|x86.ActiveCfg = Debug|Any CPU
		{45E35851-8BA1-4B01-A3ED-BCE85E352860}.Debug|x86.Build.0 = Debug|Any CPU
		{45E35851-8BA1-4B01-A3ED-BCE85E352860}.Release|Any CPU.ActiveCfg = Release|Any CPU
		{45E35851-8BA1-4B01-A3ED-BCE85E352860}.Release|Any CPU.Build.0 = Release|Any CPU
		{45E35851-8BA1-4B01-A3ED-BCE85E352860}.Release|x86.ActiveCfg = Release|Any CPU
		{45E35851-8BA1-4B01-A3ED-BCE85E352860}.Release|x86.Build.0 = Release|Any CPU
		{90909CF8-707B-452D-9657-2FC14354D233}.Debug|Any CPU.ActiveCfg = Debug|Any CPU
		{90909CF8-707B-452D-9657-2FC14354D233}.Debug|Any CPU.Build.0 = Debug|Any CPU
		{90909CF8-707B-452D-9657-2FC14354D233}.Debug|x86.ActiveCfg = Debug|Any CPU
		{90909CF8-707B-452D-9657-2FC14354D233}.Debug|x86.Build.0 = Debug|Any CPU
		{90909CF8-707B-452D-9657-2FC14354D233}.Release|Any CPU.ActiveCfg = Release|Any CPU
		{90909CF8-707B-452D-9657-2FC14354D233}.Release|Any CPU.Build.0 = Release|Any CPU
		{90909CF8-707B-452D-9657-2FC14354D233}.Release|x86.ActiveCfg = Release|Any CPU
		{90909CF8-707B-452D-9657-2FC14354D233}.Release|x86.Build.0 = Release|Any CPU
		{EADB5646-41C6-4DA8-88A9-9AB55972FBB7}.Debug|Any CPU.ActiveCfg = Debug|Any CPU
		{EADB5646-41C6-4DA8-88A9-9AB55972FBB7}.Debug|Any CPU.Build.0 = Debug|Any CPU
		{EADB5646-41C6-4DA8-88A9-9AB55972FBB7}.Debug|x86.ActiveCfg = Debug|Any CPU
		{EADB5646-41C6-4DA8-88A9-9AB55972FBB7}.Debug|x86.Build.0 = Debug|Any CPU
		{EADB5646-41C6-4DA8-88A9-9AB55972FBB7}.Release|Any CPU.ActiveCfg = Release|Any CPU
		{EADB5646-41C6-4DA8-88A9-9AB55972FBB7}.Release|Any CPU.Build.0 = Release|Any CPU
		{EADB5646-41C6-4DA8-88A9-9AB55972FBB7}.Release|x86.ActiveCfg = Release|Any CPU
		{EADB5646-41C6-4DA8-88A9-9AB55972FBB7}.Release|x86.Build.0 = Release|Any CPU
		{70A82FB8-DB73-44A2-BB85-7DFE851337C1}.Debug|Any CPU.ActiveCfg = Debug|Any CPU
		{70A82FB8-DB73-44A2-BB85-7DFE851337C1}.Debug|Any CPU.Build.0 = Debug|Any CPU
		{70A82FB8-DB73-44A2-BB85-7DFE851337C1}.Debug|x86.ActiveCfg = Debug|Any CPU
		{70A82FB8-DB73-44A2-BB85-7DFE851337C1}.Debug|x86.Build.0 = Debug|Any CPU
		{70A82FB8-DB73-44A2-BB85-7DFE851337C1}.Release|Any CPU.ActiveCfg = Release|Any CPU
		{70A82FB8-DB73-44A2-BB85-7DFE851337C1}.Release|Any CPU.Build.0 = Release|Any CPU
		{70A82FB8-DB73-44A2-BB85-7DFE851337C1}.Release|x86.ActiveCfg = Release|Any CPU
		{70A82FB8-DB73-44A2-BB85-7DFE851337C1}.Release|x86.Build.0 = Release|Any CPU
		{A6C2F9A7-A020-4B0C-A2F1-182888C186AE}.Debug|Any CPU.ActiveCfg = Debug|Any CPU
		{A6C2F9A7-A020-4B0C-A2F1-182888C186AE}.Debug|Any CPU.Build.0 = Debug|Any CPU
		{A6C2F9A7-A020-4B0C-A2F1-182888C186AE}.Debug|x86.ActiveCfg = Debug|Any CPU
		{A6C2F9A7-A020-4B0C-A2F1-182888C186AE}.Debug|x86.Build.0 = Debug|Any CPU
		{A6C2F9A7-A020-4B0C-A2F1-182888C186AE}.Release|Any CPU.ActiveCfg = Release|Any CPU
		{A6C2F9A7-A020-4B0C-A2F1-182888C186AE}.Release|Any CPU.Build.0 = Release|Any CPU
		{A6C2F9A7-A020-4B0C-A2F1-182888C186AE}.Release|x86.ActiveCfg = Release|Any CPU
		{A6C2F9A7-A020-4B0C-A2F1-182888C186AE}.Release|x86.Build.0 = Release|Any CPU
		{2AA22104-9123-4F2E-AFCE-27CB3C101786}.Debug|Any CPU.ActiveCfg = Debug|Any CPU
		{2AA22104-9123-4F2E-AFCE-27CB3C101786}.Debug|Any CPU.Build.0 = Debug|Any CPU
		{2AA22104-9123-4F2E-AFCE-27CB3C101786}.Debug|x86.ActiveCfg = Debug|Any CPU
		{2AA22104-9123-4F2E-AFCE-27CB3C101786}.Debug|x86.Build.0 = Debug|Any CPU
		{2AA22104-9123-4F2E-AFCE-27CB3C101786}.Release|Any CPU.ActiveCfg = Release|Any CPU
		{2AA22104-9123-4F2E-AFCE-27CB3C101786}.Release|Any CPU.Build.0 = Release|Any CPU
		{2AA22104-9123-4F2E-AFCE-27CB3C101786}.Release|x86.ActiveCfg = Release|Any CPU
		{2AA22104-9123-4F2E-AFCE-27CB3C101786}.Release|x86.Build.0 = Release|Any CPU
		{DD05E939-1CED-4B6A-AA1F-382D244072CA}.Debug|Any CPU.ActiveCfg = Debug|Any CPU
		{DD05E939-1CED-4B6A-AA1F-382D244072CA}.Debug|Any CPU.Build.0 = Debug|Any CPU
		{DD05E939-1CED-4B6A-AA1F-382D244072CA}.Debug|x86.ActiveCfg = Debug|Any CPU
		{DD05E939-1CED-4B6A-AA1F-382D244072CA}.Debug|x86.Build.0 = Debug|Any CPU
		{DD05E939-1CED-4B6A-AA1F-382D244072CA}.Release|Any CPU.ActiveCfg = Release|Any CPU
		{DD05E939-1CED-4B6A-AA1F-382D244072CA}.Release|Any CPU.Build.0 = Release|Any CPU
		{DD05E939-1CED-4B6A-AA1F-382D244072CA}.Release|x86.ActiveCfg = Release|Any CPU
		{DD05E939-1CED-4B6A-AA1F-382D244072CA}.Release|x86.Build.0 = Release|Any CPU
		{D7D7F9B1-586F-45E8-8049-5CFB8F65C018}.Debug|Any CPU.ActiveCfg = Debug|Any CPU
		{D7D7F9B1-586F-45E8-8049-5CFB8F65C018}.Debug|Any CPU.Build.0 = Debug|Any CPU
		{D7D7F9B1-586F-45E8-8049-5CFB8F65C018}.Debug|x86.ActiveCfg = Debug|Any CPU
		{D7D7F9B1-586F-45E8-8049-5CFB8F65C018}.Debug|x86.Build.0 = Debug|Any CPU
		{D7D7F9B1-586F-45E8-8049-5CFB8F65C018}.Release|Any CPU.ActiveCfg = Release|Any CPU
		{D7D7F9B1-586F-45E8-8049-5CFB8F65C018}.Release|Any CPU.Build.0 = Release|Any CPU
		{D7D7F9B1-586F-45E8-8049-5CFB8F65C018}.Release|x86.ActiveCfg = Release|Any CPU
		{D7D7F9B1-586F-45E8-8049-5CFB8F65C018}.Release|x86.Build.0 = Release|Any CPU
		{9A521E38-1FE5-4CB4-BD93-816D9AA1ADB6}.Debug|Any CPU.ActiveCfg = Debug|Any CPU
		{9A521E38-1FE5-4CB4-BD93-816D9AA1ADB6}.Debug|Any CPU.Build.0 = Debug|Any CPU
		{9A521E38-1FE5-4CB4-BD93-816D9AA1ADB6}.Debug|x86.ActiveCfg = Debug|Any CPU
		{9A521E38-1FE5-4CB4-BD93-816D9AA1ADB6}.Debug|x86.Build.0 = Debug|Any CPU
		{9A521E38-1FE5-4CB4-BD93-816D9AA1ADB6}.Release|Any CPU.ActiveCfg = Release|Any CPU
		{9A521E38-1FE5-4CB4-BD93-816D9AA1ADB6}.Release|Any CPU.Build.0 = Release|Any CPU
		{9A521E38-1FE5-4CB4-BD93-816D9AA1ADB6}.Release|x86.ActiveCfg = Release|Any CPU
		{9A521E38-1FE5-4CB4-BD93-816D9AA1ADB6}.Release|x86.Build.0 = Release|Any CPU
		{9CE61AA1-A973-45B7-A2BF-4AAB76C338FA}.Debug|Any CPU.ActiveCfg = Debug|Any CPU
		{9CE61AA1-A973-45B7-A2BF-4AAB76C338FA}.Debug|Any CPU.Build.0 = Debug|Any CPU
		{9CE61AA1-A973-45B7-A2BF-4AAB76C338FA}.Debug|x86.ActiveCfg = Debug|Any CPU
		{9CE61AA1-A973-45B7-A2BF-4AAB76C338FA}.Debug|x86.Build.0 = Debug|Any CPU
		{9CE61AA1-A973-45B7-A2BF-4AAB76C338FA}.Release|Any CPU.ActiveCfg = Release|Any CPU
		{9CE61AA1-A973-45B7-A2BF-4AAB76C338FA}.Release|Any CPU.Build.0 = Release|Any CPU
		{9CE61AA1-A973-45B7-A2BF-4AAB76C338FA}.Release|x86.ActiveCfg = Release|Any CPU
		{9CE61AA1-A973-45B7-A2BF-4AAB76C338FA}.Release|x86.Build.0 = Release|Any CPU
		{D06833F1-0C4B-48A5-9139-B29EC197E30C}.Debug|Any CPU.ActiveCfg = Debug|Any CPU
		{D06833F1-0C4B-48A5-9139-B29EC197E30C}.Debug|Any CPU.Build.0 = Debug|Any CPU
		{D06833F1-0C4B-48A5-9139-B29EC197E30C}.Debug|x86.ActiveCfg = Debug|Any CPU
		{D06833F1-0C4B-48A5-9139-B29EC197E30C}.Debug|x86.Build.0 = Debug|Any CPU
		{D06833F1-0C4B-48A5-9139-B29EC197E30C}.Release|Any CPU.ActiveCfg = Release|Any CPU
		{D06833F1-0C4B-48A5-9139-B29EC197E30C}.Release|Any CPU.Build.0 = Release|Any CPU
		{D06833F1-0C4B-48A5-9139-B29EC197E30C}.Release|x86.ActiveCfg = Release|Any CPU
		{D06833F1-0C4B-48A5-9139-B29EC197E30C}.Release|x86.Build.0 = Release|Any CPU
		{50FB4DB9-C08F-4081-AA97-EB89F93DE0B7}.Debug|Any CPU.ActiveCfg = Debug|Any CPU
		{50FB4DB9-C08F-4081-AA97-EB89F93DE0B7}.Debug|Any CPU.Build.0 = Debug|Any CPU
		{50FB4DB9-C08F-4081-AA97-EB89F93DE0B7}.Debug|x86.ActiveCfg = Debug|Any CPU
		{50FB4DB9-C08F-4081-AA97-EB89F93DE0B7}.Debug|x86.Build.0 = Debug|Any CPU
		{50FB4DB9-C08F-4081-AA97-EB89F93DE0B7}.Release|Any CPU.ActiveCfg = Release|Any CPU
		{50FB4DB9-C08F-4081-AA97-EB89F93DE0B7}.Release|Any CPU.Build.0 = Release|Any CPU
		{50FB4DB9-C08F-4081-AA97-EB89F93DE0B7}.Release|x86.ActiveCfg = Release|Any CPU
		{50FB4DB9-C08F-4081-AA97-EB89F93DE0B7}.Release|x86.Build.0 = Release|Any CPU
		{7BE4CBA4-91DA-4951-892A-266039F74B5F}.Debug|Any CPU.ActiveCfg = Debug|Any CPU
		{7BE4CBA4-91DA-4951-892A-266039F74B5F}.Debug|Any CPU.Build.0 = Debug|Any CPU
		{7BE4CBA4-91DA-4951-892A-266039F74B5F}.Debug|x86.ActiveCfg = Debug|Any CPU
		{7BE4CBA4-91DA-4951-892A-266039F74B5F}.Debug|x86.Build.0 = Debug|Any CPU
		{7BE4CBA4-91DA-4951-892A-266039F74B5F}.Release|Any CPU.ActiveCfg = Release|Any CPU
		{7BE4CBA4-91DA-4951-892A-266039F74B5F}.Release|Any CPU.Build.0 = Release|Any CPU
		{7BE4CBA4-91DA-4951-892A-266039F74B5F}.Release|x86.ActiveCfg = Release|Any CPU
		{7BE4CBA4-91DA-4951-892A-266039F74B5F}.Release|x86.Build.0 = Release|Any CPU
		{E4CEB8A5-2433-4B88-9309-29DD805E6367}.Debug|Any CPU.ActiveCfg = Debug|Any CPU
		{E4CEB8A5-2433-4B88-9309-29DD805E6367}.Debug|Any CPU.Build.0 = Debug|Any CPU
		{E4CEB8A5-2433-4B88-9309-29DD805E6367}.Debug|x86.ActiveCfg = Debug|Any CPU
		{E4CEB8A5-2433-4B88-9309-29DD805E6367}.Debug|x86.Build.0 = Debug|Any CPU
		{E4CEB8A5-2433-4B88-9309-29DD805E6367}.Release|Any CPU.ActiveCfg = Release|Any CPU
		{E4CEB8A5-2433-4B88-9309-29DD805E6367}.Release|Any CPU.Build.0 = Release|Any CPU
		{E4CEB8A5-2433-4B88-9309-29DD805E6367}.Release|x86.ActiveCfg = Release|Any CPU
		{E4CEB8A5-2433-4B88-9309-29DD805E6367}.Release|x86.Build.0 = Release|Any CPU
		{91B446A6-4526-48CE-9CE0-8F65BB0C54EF}.Debug|Any CPU.ActiveCfg = Debug|Any CPU
		{91B446A6-4526-48CE-9CE0-8F65BB0C54EF}.Debug|Any CPU.Build.0 = Debug|Any CPU
		{91B446A6-4526-48CE-9CE0-8F65BB0C54EF}.Debug|x86.ActiveCfg = Debug|Any CPU
		{91B446A6-4526-48CE-9CE0-8F65BB0C54EF}.Debug|x86.Build.0 = Debug|Any CPU
		{91B446A6-4526-48CE-9CE0-8F65BB0C54EF}.Release|Any CPU.ActiveCfg = Release|Any CPU
		{91B446A6-4526-48CE-9CE0-8F65BB0C54EF}.Release|Any CPU.Build.0 = Release|Any CPU
		{91B446A6-4526-48CE-9CE0-8F65BB0C54EF}.Release|x86.ActiveCfg = Release|Any CPU
		{91B446A6-4526-48CE-9CE0-8F65BB0C54EF}.Release|x86.Build.0 = Release|Any CPU
		{0445817D-CD33-46AE-8F80-E4E582EC71B8}.Debug|Any CPU.ActiveCfg = Debug|Any CPU
		{0445817D-CD33-46AE-8F80-E4E582EC71B8}.Debug|Any CPU.Build.0 = Debug|Any CPU
		{0445817D-CD33-46AE-8F80-E4E582EC71B8}.Debug|x86.ActiveCfg = Debug|Any CPU
		{0445817D-CD33-46AE-8F80-E4E582EC71B8}.Debug|x86.Build.0 = Debug|Any CPU
		{0445817D-CD33-46AE-8F80-E4E582EC71B8}.Release|Any CPU.ActiveCfg = Release|Any CPU
		{0445817D-CD33-46AE-8F80-E4E582EC71B8}.Release|Any CPU.Build.0 = Release|Any CPU
		{0445817D-CD33-46AE-8F80-E4E582EC71B8}.Release|x86.ActiveCfg = Release|Any CPU
		{0445817D-CD33-46AE-8F80-E4E582EC71B8}.Release|x86.Build.0 = Release|Any CPU
		{4874064B-234E-4DD7-A371-9B6A12F984B2}.Debug|Any CPU.ActiveCfg = Debug|Any CPU
		{4874064B-234E-4DD7-A371-9B6A12F984B2}.Debug|Any CPU.Build.0 = Debug|Any CPU
		{4874064B-234E-4DD7-A371-9B6A12F984B2}.Debug|x86.ActiveCfg = Debug|Any CPU
		{4874064B-234E-4DD7-A371-9B6A12F984B2}.Debug|x86.Build.0 = Debug|Any CPU
		{4874064B-234E-4DD7-A371-9B6A12F984B2}.Release|Any CPU.ActiveCfg = Release|Any CPU
		{4874064B-234E-4DD7-A371-9B6A12F984B2}.Release|Any CPU.Build.0 = Release|Any CPU
		{4874064B-234E-4DD7-A371-9B6A12F984B2}.Release|x86.ActiveCfg = Release|Any CPU
		{4874064B-234E-4DD7-A371-9B6A12F984B2}.Release|x86.Build.0 = Release|Any CPU
		{B7C56353-7A3F-4BE3-AF09-3EE34C696FF7}.Debug|Any CPU.ActiveCfg = Debug|Any CPU
		{B7C56353-7A3F-4BE3-AF09-3EE34C696FF7}.Debug|Any CPU.Build.0 = Debug|Any CPU
		{B7C56353-7A3F-4BE3-AF09-3EE34C696FF7}.Debug|x86.ActiveCfg = Debug|Any CPU
		{B7C56353-7A3F-4BE3-AF09-3EE34C696FF7}.Debug|x86.Build.0 = Debug|Any CPU
		{B7C56353-7A3F-4BE3-AF09-3EE34C696FF7}.Release|Any CPU.ActiveCfg = Release|Any CPU
		{B7C56353-7A3F-4BE3-AF09-3EE34C696FF7}.Release|Any CPU.Build.0 = Release|Any CPU
		{B7C56353-7A3F-4BE3-AF09-3EE34C696FF7}.Release|x86.ActiveCfg = Release|Any CPU
		{B7C56353-7A3F-4BE3-AF09-3EE34C696FF7}.Release|x86.Build.0 = Release|Any CPU
		{2C523AF8-A6E3-4091-8E6C-4863AB42B2CB}.Debug|Any CPU.ActiveCfg = Debug|Any CPU
		{2C523AF8-A6E3-4091-8E6C-4863AB42B2CB}.Debug|Any CPU.Build.0 = Debug|Any CPU
		{2C523AF8-A6E3-4091-8E6C-4863AB42B2CB}.Debug|x86.ActiveCfg = Debug|Any CPU
		{2C523AF8-A6E3-4091-8E6C-4863AB42B2CB}.Debug|x86.Build.0 = Debug|Any CPU
		{2C523AF8-A6E3-4091-8E6C-4863AB42B2CB}.Release|Any CPU.ActiveCfg = Release|Any CPU
		{2C523AF8-A6E3-4091-8E6C-4863AB42B2CB}.Release|Any CPU.Build.0 = Release|Any CPU
		{2C523AF8-A6E3-4091-8E6C-4863AB42B2CB}.Release|x86.ActiveCfg = Release|Any CPU
		{2C523AF8-A6E3-4091-8E6C-4863AB42B2CB}.Release|x86.Build.0 = Release|Any CPU
		{104000E1-A25E-4416-A1EE-0419DC82A0EB}.Debug|Any CPU.ActiveCfg = Debug|Any CPU
		{104000E1-A25E-4416-A1EE-0419DC82A0EB}.Debug|Any CPU.Build.0 = Debug|Any CPU
		{104000E1-A25E-4416-A1EE-0419DC82A0EB}.Debug|x86.ActiveCfg = Debug|Any CPU
		{104000E1-A25E-4416-A1EE-0419DC82A0EB}.Debug|x86.Build.0 = Debug|Any CPU
		{104000E1-A25E-4416-A1EE-0419DC82A0EB}.Release|Any CPU.ActiveCfg = Release|Any CPU
		{104000E1-A25E-4416-A1EE-0419DC82A0EB}.Release|Any CPU.Build.0 = Release|Any CPU
		{104000E1-A25E-4416-A1EE-0419DC82A0EB}.Release|x86.ActiveCfg = Release|Any CPU
		{104000E1-A25E-4416-A1EE-0419DC82A0EB}.Release|x86.Build.0 = Release|Any CPU
		{D208755D-0547-46FF-A3B1-00748E12D59C}.Debug|Any CPU.ActiveCfg = Debug|Any CPU
		{D208755D-0547-46FF-A3B1-00748E12D59C}.Debug|Any CPU.Build.0 = Debug|Any CPU
		{D208755D-0547-46FF-A3B1-00748E12D59C}.Debug|x86.ActiveCfg = Debug|Any CPU
		{D208755D-0547-46FF-A3B1-00748E12D59C}.Debug|x86.Build.0 = Debug|Any CPU
		{D208755D-0547-46FF-A3B1-00748E12D59C}.Release|Any CPU.ActiveCfg = Release|Any CPU
		{D208755D-0547-46FF-A3B1-00748E12D59C}.Release|Any CPU.Build.0 = Release|Any CPU
		{D208755D-0547-46FF-A3B1-00748E12D59C}.Release|x86.ActiveCfg = Release|Any CPU
		{D208755D-0547-46FF-A3B1-00748E12D59C}.Release|x86.Build.0 = Release|Any CPU
		{A360BF51-49B3-4052-B27E-48B454B5097C}.Debug|Any CPU.ActiveCfg = Debug|Any CPU
		{A360BF51-49B3-4052-B27E-48B454B5097C}.Debug|Any CPU.Build.0 = Debug|Any CPU
		{A360BF51-49B3-4052-B27E-48B454B5097C}.Debug|x86.ActiveCfg = Debug|Any CPU
		{A360BF51-49B3-4052-B27E-48B454B5097C}.Debug|x86.Build.0 = Debug|Any CPU
		{A360BF51-49B3-4052-B27E-48B454B5097C}.Release|Any CPU.ActiveCfg = Release|Any CPU
		{A360BF51-49B3-4052-B27E-48B454B5097C}.Release|Any CPU.Build.0 = Release|Any CPU
		{A360BF51-49B3-4052-B27E-48B454B5097C}.Release|x86.ActiveCfg = Release|Any CPU
		{A360BF51-49B3-4052-B27E-48B454B5097C}.Release|x86.Build.0 = Release|Any CPU
		{63539C68-4A22-4BCC-BCC8-3648AFC69C5A}.Debug|Any CPU.ActiveCfg = Debug|Any CPU
		{63539C68-4A22-4BCC-BCC8-3648AFC69C5A}.Debug|Any CPU.Build.0 = Debug|Any CPU
		{63539C68-4A22-4BCC-BCC8-3648AFC69C5A}.Debug|x86.ActiveCfg = Debug|Any CPU
		{63539C68-4A22-4BCC-BCC8-3648AFC69C5A}.Debug|x86.Build.0 = Debug|Any CPU
		{63539C68-4A22-4BCC-BCC8-3648AFC69C5A}.Release|Any CPU.ActiveCfg = Release|Any CPU
		{63539C68-4A22-4BCC-BCC8-3648AFC69C5A}.Release|Any CPU.Build.0 = Release|Any CPU
		{63539C68-4A22-4BCC-BCC8-3648AFC69C5A}.Release|x86.ActiveCfg = Release|Any CPU
		{63539C68-4A22-4BCC-BCC8-3648AFC69C5A}.Release|x86.Build.0 = Release|Any CPU
		{F33E84D2-FE79-49E9-8E6C-4F4CAC98645C}.Debug|Any CPU.ActiveCfg = Debug|Any CPU
		{F33E84D2-FE79-49E9-8E6C-4F4CAC98645C}.Debug|Any CPU.Build.0 = Debug|Any CPU
		{F33E84D2-FE79-49E9-8E6C-4F4CAC98645C}.Debug|x86.ActiveCfg = Debug|Any CPU
		{F33E84D2-FE79-49E9-8E6C-4F4CAC98645C}.Debug|x86.Build.0 = Debug|Any CPU
		{F33E84D2-FE79-49E9-8E6C-4F4CAC98645C}.Release|Any CPU.ActiveCfg = Release|Any CPU
		{F33E84D2-FE79-49E9-8E6C-4F4CAC98645C}.Release|Any CPU.Build.0 = Release|Any CPU
		{F33E84D2-FE79-49E9-8E6C-4F4CAC98645C}.Release|x86.ActiveCfg = Release|Any CPU
		{F33E84D2-FE79-49E9-8E6C-4F4CAC98645C}.Release|x86.Build.0 = Release|Any CPU
		{52B8D845-A1B7-48B4-93F1-18857955AB1D}.Debug|Any CPU.ActiveCfg = Debug|Any CPU
		{52B8D845-A1B7-48B4-93F1-18857955AB1D}.Debug|Any CPU.Build.0 = Debug|Any CPU
		{52B8D845-A1B7-48B4-93F1-18857955AB1D}.Debug|x86.ActiveCfg = Debug|Any CPU
		{52B8D845-A1B7-48B4-93F1-18857955AB1D}.Debug|x86.Build.0 = Debug|Any CPU
		{52B8D845-A1B7-48B4-93F1-18857955AB1D}.Release|Any CPU.ActiveCfg = Release|Any CPU
		{52B8D845-A1B7-48B4-93F1-18857955AB1D}.Release|Any CPU.Build.0 = Release|Any CPU
		{52B8D845-A1B7-48B4-93F1-18857955AB1D}.Release|x86.ActiveCfg = Release|Any CPU
		{52B8D845-A1B7-48B4-93F1-18857955AB1D}.Release|x86.Build.0 = Release|Any CPU
		{30794128-E0E0-40B8-9DA9-D5F9F9143568}.Debug|Any CPU.ActiveCfg = Debug|Any CPU
		{30794128-E0E0-40B8-9DA9-D5F9F9143568}.Debug|Any CPU.Build.0 = Debug|Any CPU
		{30794128-E0E0-40B8-9DA9-D5F9F9143568}.Debug|x86.ActiveCfg = Debug|Any CPU
		{30794128-E0E0-40B8-9DA9-D5F9F9143568}.Debug|x86.Build.0 = Debug|Any CPU
		{30794128-E0E0-40B8-9DA9-D5F9F9143568}.Release|Any CPU.ActiveCfg = Release|Any CPU
		{30794128-E0E0-40B8-9DA9-D5F9F9143568}.Release|Any CPU.Build.0 = Release|Any CPU
		{30794128-E0E0-40B8-9DA9-D5F9F9143568}.Release|x86.ActiveCfg = Release|Any CPU
		{30794128-E0E0-40B8-9DA9-D5F9F9143568}.Release|x86.Build.0 = Release|Any CPU
		{1D604667-9C83-450A-ADA4-387DB7909BB0}.Debug|Any CPU.ActiveCfg = Debug|Any CPU
		{1D604667-9C83-450A-ADA4-387DB7909BB0}.Debug|Any CPU.Build.0 = Debug|Any CPU
		{1D604667-9C83-450A-ADA4-387DB7909BB0}.Debug|x86.ActiveCfg = Debug|Any CPU
		{1D604667-9C83-450A-ADA4-387DB7909BB0}.Debug|x86.Build.0 = Debug|Any CPU
		{1D604667-9C83-450A-ADA4-387DB7909BB0}.Release|Any CPU.ActiveCfg = Release|Any CPU
		{1D604667-9C83-450A-ADA4-387DB7909BB0}.Release|Any CPU.Build.0 = Release|Any CPU
		{1D604667-9C83-450A-ADA4-387DB7909BB0}.Release|x86.ActiveCfg = Release|Any CPU
		{1D604667-9C83-450A-ADA4-387DB7909BB0}.Release|x86.Build.0 = Release|Any CPU
		{43993564-7168-4072-8B33-87EB0880E401}.Debug|Any CPU.ActiveCfg = Debug|Any CPU
		{43993564-7168-4072-8B33-87EB0880E401}.Debug|Any CPU.Build.0 = Debug|Any CPU
		{43993564-7168-4072-8B33-87EB0880E401}.Debug|x86.ActiveCfg = Debug|Any CPU
		{43993564-7168-4072-8B33-87EB0880E401}.Debug|x86.Build.0 = Debug|Any CPU
		{43993564-7168-4072-8B33-87EB0880E401}.Release|Any CPU.ActiveCfg = Release|Any CPU
		{43993564-7168-4072-8B33-87EB0880E401}.Release|Any CPU.Build.0 = Release|Any CPU
		{43993564-7168-4072-8B33-87EB0880E401}.Release|x86.ActiveCfg = Release|Any CPU
		{43993564-7168-4072-8B33-87EB0880E401}.Release|x86.Build.0 = Release|Any CPU
		{ABF280ED-0AE2-452A-838B-327D63CD2E73}.Debug|Any CPU.ActiveCfg = Debug|Any CPU
		{ABF280ED-0AE2-452A-838B-327D63CD2E73}.Debug|Any CPU.Build.0 = Debug|Any CPU
		{ABF280ED-0AE2-452A-838B-327D63CD2E73}.Debug|x86.ActiveCfg = Debug|Any CPU
		{ABF280ED-0AE2-452A-838B-327D63CD2E73}.Debug|x86.Build.0 = Debug|Any CPU
		{ABF280ED-0AE2-452A-838B-327D63CD2E73}.Release|Any CPU.ActiveCfg = Release|Any CPU
		{ABF280ED-0AE2-452A-838B-327D63CD2E73}.Release|Any CPU.Build.0 = Release|Any CPU
		{ABF280ED-0AE2-452A-838B-327D63CD2E73}.Release|x86.ActiveCfg = Release|Any CPU
		{ABF280ED-0AE2-452A-838B-327D63CD2E73}.Release|x86.Build.0 = Release|Any CPU
		{7ED8354D-F7DB-4845-92B4-A2CCE543D660}.Debug|Any CPU.ActiveCfg = Debug|Any CPU
		{7ED8354D-F7DB-4845-92B4-A2CCE543D660}.Debug|Any CPU.Build.0 = Debug|Any CPU
		{7ED8354D-F7DB-4845-92B4-A2CCE543D660}.Debug|x86.ActiveCfg = Debug|Any CPU
		{7ED8354D-F7DB-4845-92B4-A2CCE543D660}.Debug|x86.Build.0 = Debug|Any CPU
		{7ED8354D-F7DB-4845-92B4-A2CCE543D660}.Release|Any CPU.ActiveCfg = Release|Any CPU
		{7ED8354D-F7DB-4845-92B4-A2CCE543D660}.Release|Any CPU.Build.0 = Release|Any CPU
		{7ED8354D-F7DB-4845-92B4-A2CCE543D660}.Release|x86.ActiveCfg = Release|Any CPU
		{7ED8354D-F7DB-4845-92B4-A2CCE543D660}.Release|x86.Build.0 = Release|Any CPU
		{66420D0B-3D7F-461C-9444-8F743019ECA8}.Debug|Any CPU.ActiveCfg = Debug|Any CPU
		{66420D0B-3D7F-461C-9444-8F743019ECA8}.Debug|Any CPU.Build.0 = Debug|Any CPU
		{66420D0B-3D7F-461C-9444-8F743019ECA8}.Debug|x86.ActiveCfg = Debug|Any CPU
		{66420D0B-3D7F-461C-9444-8F743019ECA8}.Debug|x86.Build.0 = Debug|Any CPU
		{66420D0B-3D7F-461C-9444-8F743019ECA8}.Release|Any CPU.ActiveCfg = Release|Any CPU
		{66420D0B-3D7F-461C-9444-8F743019ECA8}.Release|Any CPU.Build.0 = Release|Any CPU
		{66420D0B-3D7F-461C-9444-8F743019ECA8}.Release|x86.ActiveCfg = Release|Any CPU
		{66420D0B-3D7F-461C-9444-8F743019ECA8}.Release|x86.Build.0 = Release|Any CPU
		{27A2DBA9-9B30-48FB-9852-481746EE60BB}.Debug|Any CPU.ActiveCfg = Debug|Any CPU
		{27A2DBA9-9B30-48FB-9852-481746EE60BB}.Debug|Any CPU.Build.0 = Debug|Any CPU
		{27A2DBA9-9B30-48FB-9852-481746EE60BB}.Debug|x86.ActiveCfg = Debug|Any CPU
		{27A2DBA9-9B30-48FB-9852-481746EE60BB}.Debug|x86.Build.0 = Debug|Any CPU
		{27A2DBA9-9B30-48FB-9852-481746EE60BB}.Release|Any CPU.ActiveCfg = Release|Any CPU
		{27A2DBA9-9B30-48FB-9852-481746EE60BB}.Release|Any CPU.Build.0 = Release|Any CPU
		{27A2DBA9-9B30-48FB-9852-481746EE60BB}.Release|x86.ActiveCfg = Release|Any CPU
		{27A2DBA9-9B30-48FB-9852-481746EE60BB}.Release|x86.Build.0 = Release|Any CPU
	EndGlobalSection
	GlobalSection(SolutionProperties) = preSolution
		HideSolutionNode = FALSE
	EndGlobalSection
	GlobalSection(NestedProjects) = preSolution
		{B933327A-B6F5-431A-AFA1-9C9BF51E3E54} = {8BC2DF5C-DF15-4F6B-8C28-CF14CA3BFBE6}
		{714D2050-53E5-4264-8F61-5F799C525982} = {8BC2DF5C-DF15-4F6B-8C28-CF14CA3BFBE6}
		{AE53CAEC-9098-4283-9820-504E2607FDFF} = {8BC2DF5C-DF15-4F6B-8C28-CF14CA3BFBE6}
		{9875BF81-812A-4FAF-9C63-9DA4E2E9CA7B} = {45A1BA64-AC3D-4DA1-B0DE-49B7FD116502}
		{5D675DB7-302B-40E5-B981-AABA70D1F823} = {45A1BA64-AC3D-4DA1-B0DE-49B7FD116502}
		{70A82FB8-DB73-44A2-BB85-7DFE851337C1} = {9875BF81-812A-4FAF-9C63-9DA4E2E9CA7B}
		{B291FED4-6E01-491F-87A2-1544DA80FEC4} = {8BC2DF5C-DF15-4F6B-8C28-CF14CA3BFBE6}
		{A6C2F9A7-A020-4B0C-A2F1-182888C186AE} = {9875BF81-812A-4FAF-9C63-9DA4E2E9CA7B}
		{2AA22104-9123-4F2E-AFCE-27CB3C101786} = {9875BF81-812A-4FAF-9C63-9DA4E2E9CA7B}
		{DD05E939-1CED-4B6A-AA1F-382D244072CA} = {9875BF81-812A-4FAF-9C63-9DA4E2E9CA7B}
		{D7D7F9B1-586F-45E8-8049-5CFB8F65C018} = {9875BF81-812A-4FAF-9C63-9DA4E2E9CA7B}
		{9A521E38-1FE5-4CB4-BD93-816D9AA1ADB6} = {9875BF81-812A-4FAF-9C63-9DA4E2E9CA7B}
		{9CE61AA1-A973-45B7-A2BF-4AAB76C338FA} = {9875BF81-812A-4FAF-9C63-9DA4E2E9CA7B}
		{D06833F1-0C4B-48A5-9139-B29EC197E30C} = {9875BF81-812A-4FAF-9C63-9DA4E2E9CA7B}
		{50FB4DB9-C08F-4081-AA97-EB89F93DE0B7} = {9875BF81-812A-4FAF-9C63-9DA4E2E9CA7B}
		{0A7A858F-06A2-4F72-8260-96EB34ACAB75} = {45A1BA64-AC3D-4DA1-B0DE-49B7FD116502}
		{7BE4CBA4-91DA-4951-892A-266039F74B5F} = {0A7A858F-06A2-4F72-8260-96EB34ACAB75}
		{E4CEB8A5-2433-4B88-9309-29DD805E6367} = {9875BF81-812A-4FAF-9C63-9DA4E2E9CA7B}
		{91B446A6-4526-48CE-9CE0-8F65BB0C54EF} = {9875BF81-812A-4FAF-9C63-9DA4E2E9CA7B}
		{0445817D-CD33-46AE-8F80-E4E582EC71B8} = {9875BF81-812A-4FAF-9C63-9DA4E2E9CA7B}
		{4874064B-234E-4DD7-A371-9B6A12F984B2} = {9875BF81-812A-4FAF-9C63-9DA4E2E9CA7B}
		{B7C56353-7A3F-4BE3-AF09-3EE34C696FF7} = {9875BF81-812A-4FAF-9C63-9DA4E2E9CA7B}
		{2C523AF8-A6E3-4091-8E6C-4863AB42B2CB} = {0A7A858F-06A2-4F72-8260-96EB34ACAB75}
		{838D0559-4215-4EA2-94C5-38A6A6E8AC5E} = {8BC2DF5C-DF15-4F6B-8C28-CF14CA3BFBE6}
		{D7A9E38E-2CC6-414B-A430-7F9AA718862E} = {838D0559-4215-4EA2-94C5-38A6A6E8AC5E}
		{59BA2141-1AD2-45D4-8816-FE0379E3C040} = {D7A9E38E-2CC6-414B-A430-7F9AA718862E}
		{D208755D-0547-46FF-A3B1-00748E12D59C} = {9875BF81-812A-4FAF-9C63-9DA4E2E9CA7B}
		{A360BF51-49B3-4052-B27E-48B454B5097C} = {9875BF81-812A-4FAF-9C63-9DA4E2E9CA7B}
		{63539C68-4A22-4BCC-BCC8-3648AFC69C5A} = {9875BF81-812A-4FAF-9C63-9DA4E2E9CA7B}
		{F33E84D2-FE79-49E9-8E6C-4F4CAC98645C} = {9875BF81-812A-4FAF-9C63-9DA4E2E9CA7B}
		{52B8D845-A1B7-48B4-93F1-18857955AB1D} = {9875BF81-812A-4FAF-9C63-9DA4E2E9CA7B}
		{30794128-E0E0-40B8-9DA9-D5F9F9143568} = {9875BF81-812A-4FAF-9C63-9DA4E2E9CA7B}
		{1D604667-9C83-450A-ADA4-387DB7909BB0} = {9875BF81-812A-4FAF-9C63-9DA4E2E9CA7B}
		{43993564-7168-4072-8B33-87EB0880E401} = {9875BF81-812A-4FAF-9C63-9DA4E2E9CA7B}
		{ABF280ED-0AE2-452A-838B-327D63CD2E73} = {9875BF81-812A-4FAF-9C63-9DA4E2E9CA7B}
		{7ED8354D-F7DB-4845-92B4-A2CCE543D660} = {9875BF81-812A-4FAF-9C63-9DA4E2E9CA7B}
		{66420D0B-3D7F-461C-9444-8F743019ECA8} = {9875BF81-812A-4FAF-9C63-9DA4E2E9CA7B}
		{27A2DBA9-9B30-48FB-9852-481746EE60BB} = {9875BF81-812A-4FAF-9C63-9DA4E2E9CA7B}
	EndGlobalSection
	GlobalSection(ExtensibilityGlobals) = postSolution
		SolutionGuid = {F332E45C-879C-4509-B47C-90E7F3D47657}
	EndGlobalSection
EndGlobal
